
Microsoft Visual Studio Solution File, Format Version 12.00
# Visual Studio 15
VisualStudioVersion = 15.0.27130.2036
MinimumVisualStudioVersion = 10.0.40219.1
Project("{2150E333-8FDC-42A3-9474-1A3956D46DE8}") = "Solution Items", "Solution Items", "{AC3D4440-D38A-4B1A-A69E-E091A185BC3F}"
	ProjectSection(SolutionItems) = preProject
		.tfignore = .tfignore
	EndProjectSection
EndProject
Project("{2150E333-8FDC-42A3-9474-1A3956D46DE8}") = ".nuget", ".nuget", "{0ECD28FF-8DFE-471D-8537-E809CA0EB04E}"
	ProjectSection(SolutionItems) = preProject
		.nuget\NuGet.Config = .nuget\NuGet.Config
	EndProjectSection
EndProject
Project("{FAE04EC0-301F-11D3-BF4B-00C04F79EFBC}") = "ReportStorage", "..\..\Modules\Reporting\ReportStorage\ReportStorage.csproj", "{E953EAA7-75C0-4571-8B1C-88C99AEAE6D5}"
EndProject
Project("{FAE04EC0-301F-11D3-BF4B-00C04F79EFBC}") = "RestService", "..\..\Modules\Reporting\RestService\RestService.csproj", "{883D79B8-E15B-44C6-998E-5FBE72FDDBCE}"
EndProject
Global
	GlobalSection(SolutionConfigurationPlatforms) = preSolution
		Debug|Any CPU = Debug|Any CPU
		Release|Any CPU = Release|Any CPU
	EndGlobalSection
	GlobalSection(ProjectConfigurationPlatforms) = postSolution
		{E953EAA7-75C0-4571-8B1C-88C99AEAE6D5}.Debug|Any CPU.ActiveCfg = Debug|Any CPU
		{E953EAA7-75C0-4571-8B1C-88C99AEAE6D5}.Debug|Any CPU.Build.0 = Debug|Any CPU
		{E953EAA7-75C0-4571-8B1C-88C99AEAE6D5}.Release|Any CPU.ActiveCfg = Release|Any CPU
		{E953EAA7-75C0-4571-8B1C-88C99AEAE6D5}.Release|Any CPU.Build.0 = Release|Any CPU
		{883D79B8-E15B-44C6-998E-5FBE72FDDBCE}.Debug|Any CPU.ActiveCfg = Debug|Any CPU
		{883D79B8-E15B-44C6-998E-5FBE72FDDBCE}.Debug|Any CPU.Build.0 = Debug|Any CPU
		{883D79B8-E15B-44C6-998E-5FBE72FDDBCE}.Release|Any CPU.ActiveCfg = Release|Any CPU
		{883D79B8-E15B-44C6-998E-5FBE72FDDBCE}.Release|Any CPU.Build.0 = Release|Any CPU
	EndGlobalSection
	GlobalSection(SolutionProperties) = preSolution
		HideSolutionNode = FALSE
	EndGlobalSection
	GlobalSection(NestedProjects) = preSolution
		{0ECD28FF-8DFE-471D-8537-E809CA0EB04E} = {AC3D4440-D38A-4B1A-A69E-E091A185BC3F}
	EndGlobalSection
	GlobalSection(ExtensibilityGlobals) = postSolution
		SolutionGuid = {0E9D96FB-2BC3-4A27-A628-EF091B4A54C5}
	EndGlobalSection
	GlobalSection(TeamFoundationVersionControl) = preSolution
		SccNumberOfProjects = 3
		SccEnterpriseProvider = {4CA58AB2-18FA-4F8D-95D4-32DDF27D184C}
		SccTeamFoundationServer = http://002-14-app-tfs01:8080/tfs/defaultcollection
		SccLocalPath0 = .
		SccProjectUniqueName1 = ..\\..\\Modules\\Reporting\\ReportStorage\\ReportStorage.csproj
		SccProjectName1 = ../../Modules/Reporting/ReportStorage
		SccLocalPath1 = ..\\..\\Modules\\Reporting\\ReportStorage
		SccProjectUniqueName2 = ..\\..\\Modules\\Reporting\\RestService\\RestService.csproj
		SccProjectName2 = ../../Modules/Reporting/RestService
		SccLocalPath2 = ..\\..\\Modules\\Reporting\\RestService
	EndGlobalSection
EndGlobal
