
Microsoft Visual Studio Solution File, Format Version 12.00
# Visual Studio 15
VisualStudioVersion = 15.0.27130.2027
MinimumVisualStudioVersion = 10.0.40219.1
Project("{FAE04EC0-301F-11D3-BF4B-00C04F79EFBC}") = "CorpProp", "..\..\Modules\CorpProp\CorpProp\CorpProp.csproj", "{2E747CF0-6C14-4D66-BD1B-B6841A761519}"
EndProject
Project("{FAE04EC0-301F-11D3-BF4B-00C04F79EFBC}") = "CorpProp.RosReestr", "..\..\Modules\CorpProp\CorpProp.RosReestr\CorpProp.RosReestr.csproj", "{380A3DEA-4A1B-4B27-BA37-C498143D0FAC}"
EndProject
Project("{FAE04EC0-301F-11D3-BF4B-00C04F79EFBC}") = "EUSI", "..\..\Modules\EUSI\EUSI\EUSI.csproj", "{7020D864-7384-4C6E-80D0-CB72513D0F30}"
EndProject
Project("{FAE04EC0-301F-11D3-BF4B-00C04F79EFBC}") = "EUSI.Tests", "..\..\Modules\EUSI\EUSI.Tests\EUSI.Tests.csproj", "{E8026BFE-AC51-43F1-B4FF-7533A6376AF5}"
EndProject
Project("{2150E333-8FDC-42A3-9474-1A3956D46DE8}") = "Solution Items", "Solution Items", "{943EF47E-E21F-4389-A26B-0CC500DE4482}"
	ProjectSection(SolutionItems) = preProject
		.tfignore = .tfignore
		CommonAssemblyInfo.cs = CommonAssemblyInfo.cs
	EndProjectSection
EndProject
Project("{2150E333-8FDC-42A3-9474-1A3956D46DE8}") = "CorpPropModules", "CorpPropModules", "{B599709D-A320-4ADD-9084-CDFC447B6C32}"
EndProject
Project("{2150E333-8FDC-42A3-9474-1A3956D46DE8}") = "BaseModules", "BaseModules", "{516745FD-174A-4FBC-B9CE-3F28E328FEC2}"
EndProject
Project("{2150E333-8FDC-42A3-9474-1A3956D46DE8}") = "Excel", "Excel", "{AD49966E-26FE-4D52-B2FB-83DBA633F907}"
EndProject
Project("{2150E333-8FDC-42A3-9474-1A3956D46DE8}") = "External", "External", "{C5221A21-8EB3-45A6-AC92-8D8BF50BB550}"
EndProject
Project("{2150E333-8FDC-42A3-9474-1A3956D46DE8}") = "Word", "Word", "{8A17D73A-59D1-4A4E-B190-719012D6014B}"
EndProject
Project("{FAE04EC0-301F-11D3-BF4B-00C04F79EFBC}") = "Base.Excel", "..\..\Modules\Base\Base.Excel\Base.Excel.csproj", "{45D07E2F-4617-48BB-8CC0-5D68EC811101}"
EndProject
Project("{FAE04EC0-301F-11D3-BF4B-00C04F79EFBC}") = "FankySheet", "..\..\Modules\Base\FankySheet\FankySheet.csproj", "{44C24C60-DDD9-4428-99D3-C01B4BE816F7}"
EndProject
Project("{FAE04EC0-301F-11D3-BF4B-00C04F79EFBC}") = "FankySheetTests", "..\..\Modules\Base\FankySheetTests\FankySheetTests.csproj", "{8FFCE726-2108-406B-AC67-6F9C36584983}"
EndProject
Project("{FAE04EC0-301F-11D3-BF4B-00C04F79EFBC}") = "System.Linq.Dynamic", "..\..\Modules\Base\System.Linq.Dynamic\System.Linq.Dynamic.csproj", "{B6EDF157-6153-4684-A577-DE33896DBAA8}"
EndProject
Project("{FAE04EC0-301F-11D3-BF4B-00C04F79EFBC}") = "Base.Word", "..\..\Modules\Base\Base.Word\Base.Word.csproj", "{B4C69694-3928-4B30-A274-BBD3A92D0CDD}"
EndProject
Project("{FAE04EC0-301F-11D3-BF4B-00C04F79EFBC}") = "WordTemplates", "..\..\Modules\Base\WordTemplates\WordTemplates.csproj", "{E7530A21-C9BA-46CE-9165-80AF3A56DDF6}"
EndProject
Project("{FAE04EC0-301F-11D3-BF4B-00C04F79EFBC}") = "Base", "..\..\Modules\Base\Base\Base.csproj", "{B78A3750-FA57-41F2-927A-DFB795552548}"
EndProject
Project("{FAE04EC0-301F-11D3-BF4B-00C04F79EFBC}") = "Base.Access", "..\..\Modules\Base\Base.Access\Base.Access.csproj", "{76D3454C-D2C8-4EE4-AF7F-8B2EB5E24F0F}"
EndProject
Project("{FAE04EC0-301F-11D3-BF4B-00C04F79EFBC}") = "Base.App", "..\..\Modules\Base\Base.App\Base.App.csproj", "{56089611-82C6-4F69-B535-B7B80901842A}"
EndProject
Project("{FAE04EC0-301F-11D3-BF4B-00C04F79EFBC}") = "Base.Audit", "..\..\Modules\Base\Base.Audit\Base.Audit.csproj", "{94D34384-E253-4771-8105-79903F0D4725}"
EndProject
Project("{FAE04EC0-301F-11D3-BF4B-00C04F79EFBC}") = "Base.BusinessProcesses", "..\..\Modules\Base\Base.BusinessProcesses\Base.BusinessProcesses.csproj", "{C4D72D04-2B9F-4B99-A01F-FF260C27B0BF}"
EndProject
Project("{FAE04EC0-301F-11D3-BF4B-00C04F79EFBC}") = "Base.Catalog", "..\..\Modules\Base\BaseCatalog\Base.Catalog.csproj", "{B136D66F-529C-4611-AF27-A0E97FB0BB64}"
EndProject
Project("{FAE04EC0-301F-11D3-BF4B-00C04F79EFBC}") = "Base.Censorship", "..\..\Modules\Base\Base.Censorship\Base.Censorship.csproj", "{75D353DB-C6DF-4FEF-85EE-EBAB25B49C88}"
EndProject
Project("{FAE04EC0-301F-11D3-BF4B-00C04F79EFBC}") = "Base.Conference", "..\..\Modules\Base\Base.Conference\Base.Conference.csproj", "{A212107B-FD1A-4703-AC02-82EF570E75E4}"
EndProject
Project("{FAE04EC0-301F-11D3-BF4B-00C04F79EFBC}") = "Base.Contact", "..\..\Modules\Base\Base.Contact\Base.Contact.csproj", "{0280AB86-45B0-4E90-9B51-BADE4F1D0810}"
EndProject
Project("{FAE04EC0-301F-11D3-BF4B-00C04F79EFBC}") = "Base.Content", "..\..\Modules\Base\Base.Content\Base.Content.csproj", "{8D53BBE9-4883-4FFD-81D9-9DAFE86EAB5E}"
EndProject
Project("{FAE04EC0-301F-11D3-BF4B-00C04F79EFBC}") = "Base.CRM", "..\..\Modules\Base\Base.CRM\Base.CRM.csproj", "{3AD9211B-6573-48E6-B938-12D6BDB1A23F}"
EndProject
Project("{FAE04EC0-301F-11D3-BF4B-00C04F79EFBC}") = "Base.DAL.EF", "..\..\Modules\Base\Base.DAL.EF\Base.DAL.EF.csproj", "{3EFB8CC9-6A65-4A10-925F-0DF1624EE13B}"
EndProject
Project("{FAE04EC0-301F-11D3-BF4B-00C04F79EFBC}") = "Base.Document", "..\..\Modules\Base\Base.Document\Base.Document.csproj", "{E39C7DEC-4007-48AC-AA4C-56D84E534990}"
EndProject
Project("{FAE04EC0-301F-11D3-BF4B-00C04F79EFBC}") = "Base.EntityFrameworkTypes", "..\..\Modules\Base\Base.EntityFrameworkTypes\Base.EntityFrameworkTypes.csproj", "{700D464B-0BD3-4188-A619-53E888218CE7}"
EndProject
Project("{FAE04EC0-301F-11D3-BF4B-00C04F79EFBC}") = "Base.Event", "..\..\Modules\Base\Base.Event\Base.Event.csproj", "{FB4F973C-FF18-4F24-A7CF-104C7444094A}"
EndProject
Project("{FAE04EC0-301F-11D3-BF4B-00C04F79EFBC}") = "Base.ExportImport", "..\..\Modules\Base\Base.ExportImport\Base.ExportImport.csproj", "{DBA8D468-EA4D-446D-BA94-FBED166CD502}"
EndProject
Project("{FAE04EC0-301F-11D3-BF4B-00C04F79EFBC}") = "Base.FileStorage", "..\..\Modules\Base\Base.FileStorage\Base.FileStorage.csproj", "{E771559D-36DE-40BE-BDE9-02E4B9CF1A59}"
EndProject
Project("{FAE04EC0-301F-11D3-BF4B-00C04F79EFBC}") = "Base.Forum", "..\..\Modules\Base\Base.Forum\Base.Forum.csproj", "{B9142F93-15F0-4CD6-8715-7184D546CDBC}"
EndProject
Project("{FAE04EC0-301F-11D3-BF4B-00C04F79EFBC}") = "Base.Hangfire", "..\..\Modules\Base\Base.Hangfire\Base.Hangfire.csproj", "{8B1A22A9-C06E-4138-A58E-23C9F65555E6}"
EndProject
Project("{FAE04EC0-301F-11D3-BF4B-00C04F79EFBC}") = "Base.Help", "..\..\Modules\Base\Base.Help\Base.Help.csproj", "{F641F38F-7515-4DA1-822D-9B13557D79AA}"
EndProject
Project("{FAE04EC0-301F-11D3-BF4B-00C04F79EFBC}") = "Base.Identity", "..\..\Modules\Base\Base.Identity\Base.Identity.csproj", "{5488C09B-4F93-419F-A26A-CC13AD88869E}"
EndProject
Project("{FAE04EC0-301F-11D3-BF4B-00C04F79EFBC}") = "Base.Links", "..\..\Modules\Base\Base.Links\Base.Links.csproj", "{B6CDCD8A-D778-49C3-AD28-049CBA1F73DD}"
EndProject
Project("{FAE04EC0-301F-11D3-BF4B-00C04F79EFBC}") = "Base.Localize", "..\..\Modules\Base\Base.Localize\Base.Localize.csproj", "{9DCCFD74-1711-4149-8DA4-71EC0DAC44F0}"
EndProject
Project("{FAE04EC0-301F-11D3-BF4B-00C04F79EFBC}") = "Base.Macros", "..\..\Modules\Base\Base.Macros\Base.Macros.csproj", "{F4635398-AF24-4259-81BB-E3D10D460BEC}"
EndProject
Project("{FAE04EC0-301F-11D3-BF4B-00C04F79EFBC}") = "Base.Mail", "..\..\Modules\Base\Base.Mail\Base.Mail.csproj", "{3DBBBCCC-F75E-4E45-9EE2-106C97E96A6C}"
EndProject
Project("{FAE04EC0-301F-11D3-BF4B-00C04F79EFBC}") = "Base.Map", "..\..\Modules\Base\Base.Map\Base.Map.csproj", "{22F3F4FE-AF62-406B-BA95-5012F83F94B8}"
EndProject
Project("{FAE04EC0-301F-11D3-BF4B-00C04F79EFBC}") = "Base.Multimedia", "..\..\Modules\Base\Base.Multimedia\Base.Multimedia.csproj", "{3B063B17-88F4-47CB-A06F-602ACEF7AC51}"
EndProject
Project("{FAE04EC0-301F-11D3-BF4B-00C04F79EFBC}") = "Base.Nomenclature", "..\..\Modules\Base\Base.Nomenclature\Base.Nomenclature.csproj", "{D17E8DFC-FD33-49B7-8C54-5B5CD482FE04}"
EndProject
Project("{FAE04EC0-301F-11D3-BF4B-00C04F79EFBC}") = "Base.Notification", "..\..\Modules\Base\Base.Notification\Base.Notification.csproj", "{C26A8CC1-6822-481D-A2D5-52DC8295D402}"
EndProject
Project("{FAE04EC0-301F-11D3-BF4B-00C04F79EFBC}") = "Base.Project", "..\..\Modules\Base\Base.Project\Base.Project.csproj", "{549C526C-463F-4257-9B26-7316F066BF0F}"
EndProject
Project("{FAE04EC0-301F-11D3-BF4B-00C04F79EFBC}") = "Base.Reporting", "..\..\Modules\Base\Base.Reporting\Base.Reporting.csproj", "{82657716-B682-4F44-9426-5CCC37367584}"
EndProject
Project("{FAE04EC0-301F-11D3-BF4B-00C04F79EFBC}") = "Base.Security", "..\..\Modules\Base\Base.Security\Base.Security.csproj", "{93A4C5A8-701D-4212-B338-DACB6EC8C670}"
EndProject
Project("{FAE04EC0-301F-11D3-BF4B-00C04F79EFBC}") = "Base.Social", "..\..\Modules\Base\Base.Social\Base.Social.csproj", "{D7A93569-F8D7-48BF-9E1A-D8E0F8C960A7}"
EndProject
Project("{FAE04EC0-301F-11D3-BF4B-00C04F79EFBC}") = "Base.Support", "..\..\Modules\Base\Base.Support\Base.Support.csproj", "{4D006637-C791-4627-9D2C-C15090770DCF}"
EndProject
Project("{FAE04EC0-301F-11D3-BF4B-00C04F79EFBC}") = "Base.Task", "..\..\Modules\Base\Base.Task\Base.Task.csproj", "{3082A9DE-189D-42FA-843E-517C8178FD55}"
EndProject
Project("{FAE04EC0-301F-11D3-BF4B-00C04F79EFBC}") = "Base.UI", "..\..\Modules\Base\Base.UI\Base.UI.csproj", "{3AE7843F-06CE-4989-A978-210F7DFCF1A9}"
EndProject
Project("{FAE04EC0-301F-11D3-BF4B-00C04F79EFBC}") = "Base.Utils.Common", "..\..\Modules\Base\Base.Utils.Common\Base.Utils.Common.csproj", "{AD97EF5C-E096-465D-9729-2D0524AF2476}"
EndProject
Project("{FAE04EC0-301F-11D3-BF4B-00C04F79EFBC}") = "Base.Utils.Web", "..\..\Modules\Base\Base.Utils.Web\Base.Utils.Web.csproj", "{E82ABEB4-086B-4789-8E86-07636762E4FB}"
EndProject
Project("{FAE04EC0-301F-11D3-BF4B-00C04F79EFBC}") = "Base.WebApi", "..\..\Modules\Base\Base.WebApi\Base.WebApi.csproj", "{30D7BE4C-75F8-47D9-BA14-8A0326C936EA}"
EndProject
Project("{FAE04EC0-301F-11D3-BF4B-00C04F79EFBC}") = "Base.Wrappers.Web", "..\..\Modules\Base\Base.Wrappers.Web\Base.Wrappers.Web.csproj", "{C52D08A4-F978-410E-9C45-9F08B52D048B}"
EndProject
Project("{FAE04EC0-301F-11D3-BF4B-00C04F79EFBC}") = "Esia", "..\..\Modules\Base\Esia\Esia.csproj", "{A372D92D-F891-4B82-93C7-270DB8ECD5DE}"
EndProject
Project("{FAE04EC0-301F-11D3-BF4B-00C04F79EFBC}") = "SibRosReestr", "..\..\Modules\CorpProp\SibRosReestr\SibRosReestr.csproj", "{E94F3295-70F8-4B29-8695-1494092A7D4C}"
EndProject
Project("{FAE04EC0-301F-11D3-BF4B-00C04F79EFBC}") = "SibAssemblyInfo", "..\..\Modules\CorpProp\SibAssemblyInfo\SibAssemblyInfo.csproj", "{8CFB2F34-5E45-4C5C-9E7E-7F5D2781BB1F}"
EndProject
Project("{2150E333-8FDC-42A3-9474-1A3956D46DE8}") = ".nuget", ".nuget", "{F00CA027-8705-4780-850D-BF6F0B3FBE5B}"
	ProjectSection(SolutionItems) = preProject
		.nuget\NuGet.Config = .nuget\NuGet.Config
	EndProjectSection
EndProject
Project("{FAE04EC0-301F-11D3-BF4B-00C04F79EFBC}") = "Common.Data", "Common.Data\Common.Data.csproj", "{4D2EEF52-F86C-4C7E-83AD-CE06DA92BE95}"
EndProject
Project("{FAE04EC0-301F-11D3-BF4B-00C04F79EFBC}") = "Data", "Data\Data.csproj", "{7775CB10-9515-4F15-B33B-5A303E56F322}"
EndProject
Project("{FAE04EC0-301F-11D3-BF4B-00C04F79EFBC}") = "WebUI", "WebUI\WebUI.csproj", "{9BB074C6-0955-4662-BDEC-C47C1154DC22}"
EndProject
Project("{FAE04EC0-301F-11D3-BF4B-00C04F79EFBC}") = "WebApi", "..\..\Modules\Base\WebApi\WebApi.csproj", "{2FBD3752-2752-4E92-9EEA-32031603D759}"
EndProject
Project("{FAE04EC0-301F-11D3-BF4B-00C04F79EFBC}") = "EUSI.WebApi", "EUSI.WebApi\EUSI.WebApi.csproj", "{67BB9F1B-8C95-4CD5-B38C-13B07A57CA23}"
EndProject
Project("{FAE04EC0-301F-11D3-BF4B-00C04F79EFBC}") = "CorpProp.WindowsAuth", "..\..\Modules\CorpProp\CorpProp.WindowsAuth\CorpProp.WindowsAuth.csproj", "{61B0C7AD-FF28-4BB4-9B43-69E4F359E29E}"
EndProject
Project("{FAE04EC0-301F-11D3-BF4B-00C04F79EFBC}") = "Sib.Taxes", "..\..\Modules\CorpProp\Sib.Taxes\Sib.Taxes.csproj", "{58974559-06DA-4983-B87D-0E0C6CDBF083}"
EndProject
Project("{FAE04EC0-301F-11D3-BF4B-00C04F79EFBC}") = "CorpProp.Analyze", "..\..\Modules\CorpProp\CorpProp.Analyze\CorpProp.Analyze.csproj", "{C4D0160D-8F7E-4AB5-A149-1D8D95C2831A}"
EndProject
Global
	GlobalSection(SolutionConfigurationPlatforms) = preSolution
		Debug|Any CPU = Debug|Any CPU
		Import|Any CPU = Import|Any CPU
		Release|Any CPU = Release|Any CPU
		Test|Any CPU = Test|Any CPU
	EndGlobalSection
	GlobalSection(ProjectConfigurationPlatforms) = postSolution
		{2E747CF0-6C14-4D66-BD1B-B6841A761519}.Debug|Any CPU.ActiveCfg = Debug|Any CPU
		{2E747CF0-6C14-4D66-BD1B-B6841A761519}.Debug|Any CPU.Build.0 = Debug|Any CPU
		{2E747CF0-6C14-4D66-BD1B-B6841A761519}.Import|Any CPU.ActiveCfg = Test|Any CPU
		{2E747CF0-6C14-4D66-BD1B-B6841A761519}.Import|Any CPU.Build.0 = Test|Any CPU
		{2E747CF0-6C14-4D66-BD1B-B6841A761519}.Release|Any CPU.ActiveCfg = Release|Any CPU
		{2E747CF0-6C14-4D66-BD1B-B6841A761519}.Release|Any CPU.Build.0 = Release|Any CPU
		{2E747CF0-6C14-4D66-BD1B-B6841A761519}.Test|Any CPU.ActiveCfg = Test|Any CPU
		{2E747CF0-6C14-4D66-BD1B-B6841A761519}.Test|Any CPU.Build.0 = Test|Any CPU
		{380A3DEA-4A1B-4B27-BA37-C498143D0FAC}.Debug|Any CPU.ActiveCfg = Debug|Any CPU
		{380A3DEA-4A1B-4B27-BA37-C498143D0FAC}.Debug|Any CPU.Build.0 = Debug|Any CPU
		{380A3DEA-4A1B-4B27-BA37-C498143D0FAC}.Import|Any CPU.ActiveCfg = Test|Any CPU
		{380A3DEA-4A1B-4B27-BA37-C498143D0FAC}.Import|Any CPU.Build.0 = Test|Any CPU
		{380A3DEA-4A1B-4B27-BA37-C498143D0FAC}.Release|Any CPU.ActiveCfg = Release|Any CPU
		{380A3DEA-4A1B-4B27-BA37-C498143D0FAC}.Release|Any CPU.Build.0 = Release|Any CPU
		{380A3DEA-4A1B-4B27-BA37-C498143D0FAC}.Test|Any CPU.ActiveCfg = Test|Any CPU
		{380A3DEA-4A1B-4B27-BA37-C498143D0FAC}.Test|Any CPU.Build.0 = Test|Any CPU
		{7020D864-7384-4C6E-80D0-CB72513D0F30}.Debug|Any CPU.ActiveCfg = Debug|Any CPU
		{7020D864-7384-4C6E-80D0-CB72513D0F30}.Debug|Any CPU.Build.0 = Debug|Any CPU
		{7020D864-7384-4C6E-80D0-CB72513D0F30}.Import|Any CPU.ActiveCfg = Release|Any CPU
		{7020D864-7384-4C6E-80D0-CB72513D0F30}.Import|Any CPU.Build.0 = Release|Any CPU
		{7020D864-7384-4C6E-80D0-CB72513D0F30}.Release|Any CPU.ActiveCfg = Release|Any CPU
		{7020D864-7384-4C6E-80D0-CB72513D0F30}.Release|Any CPU.Build.0 = Release|Any CPU
		{7020D864-7384-4C6E-80D0-CB72513D0F30}.Test|Any CPU.ActiveCfg = Release|Any CPU
		{7020D864-7384-4C6E-80D0-CB72513D0F30}.Test|Any CPU.Build.0 = Release|Any CPU
		{E8026BFE-AC51-43F1-B4FF-7533A6376AF5}.Debug|Any CPU.ActiveCfg = Debug|Any CPU
		{E8026BFE-AC51-43F1-B4FF-7533A6376AF5}.Debug|Any CPU.Build.0 = Debug|Any CPU
		{E8026BFE-AC51-43F1-B4FF-7533A6376AF5}.Import|Any CPU.ActiveCfg = Release|Any CPU
		{E8026BFE-AC51-43F1-B4FF-7533A6376AF5}.Import|Any CPU.Build.0 = Release|Any CPU
		{E8026BFE-AC51-43F1-B4FF-7533A6376AF5}.Release|Any CPU.ActiveCfg = Release|Any CPU
		{E8026BFE-AC51-43F1-B4FF-7533A6376AF5}.Release|Any CPU.Build.0 = Release|Any CPU
		{E8026BFE-AC51-43F1-B4FF-7533A6376AF5}.Test|Any CPU.ActiveCfg = Release|Any CPU
		{E8026BFE-AC51-43F1-B4FF-7533A6376AF5}.Test|Any CPU.Build.0 = Release|Any CPU
		{45D07E2F-4617-48BB-8CC0-5D68EC811101}.Debug|Any CPU.ActiveCfg = Debug|Any CPU
		{45D07E2F-4617-48BB-8CC0-5D68EC811101}.Debug|Any CPU.Build.0 = Debug|Any CPU
		{45D07E2F-4617-48BB-8CC0-5D68EC811101}.Import|Any CPU.ActiveCfg = Test|Any CPU
		{45D07E2F-4617-48BB-8CC0-5D68EC811101}.Import|Any CPU.Build.0 = Test|Any CPU
		{45D07E2F-4617-48BB-8CC0-5D68EC811101}.Release|Any CPU.ActiveCfg = Release|Any CPU
		{45D07E2F-4617-48BB-8CC0-5D68EC811101}.Release|Any CPU.Build.0 = Release|Any CPU
		{45D07E2F-4617-48BB-8CC0-5D68EC811101}.Test|Any CPU.ActiveCfg = Test|Any CPU
		{45D07E2F-4617-48BB-8CC0-5D68EC811101}.Test|Any CPU.Build.0 = Test|Any CPU
		{44C24C60-DDD9-4428-99D3-C01B4BE816F7}.Debug|Any CPU.ActiveCfg = Debug|Any CPU
		{44C24C60-DDD9-4428-99D3-C01B4BE816F7}.Debug|Any CPU.Build.0 = Debug|Any CPU
		{44C24C60-DDD9-4428-99D3-C01B4BE816F7}.Import|Any CPU.ActiveCfg = Test|Any CPU
		{44C24C60-DDD9-4428-99D3-C01B4BE816F7}.Import|Any CPU.Build.0 = Test|Any CPU
		{44C24C60-DDD9-4428-99D3-C01B4BE816F7}.Release|Any CPU.ActiveCfg = Release|Any CPU
		{44C24C60-DDD9-4428-99D3-C01B4BE816F7}.Release|Any CPU.Build.0 = Release|Any CPU
		{44C24C60-DDD9-4428-99D3-C01B4BE816F7}.Test|Any CPU.ActiveCfg = Test|Any CPU
		{44C24C60-DDD9-4428-99D3-C01B4BE816F7}.Test|Any CPU.Build.0 = Test|Any CPU
		{8FFCE726-2108-406B-AC67-6F9C36584983}.Debug|Any CPU.ActiveCfg = Debug|Any CPU
		{8FFCE726-2108-406B-AC67-6F9C36584983}.Debug|Any CPU.Build.0 = Debug|Any CPU
		{8FFCE726-2108-406B-AC67-6F9C36584983}.Import|Any CPU.ActiveCfg = Test|Any CPU
		{8FFCE726-2108-406B-AC67-6F9C36584983}.Import|Any CPU.Build.0 = Test|Any CPU
		{8FFCE726-2108-406B-AC67-6F9C36584983}.Release|Any CPU.ActiveCfg = Release|Any CPU
		{8FFCE726-2108-406B-AC67-6F9C36584983}.Release|Any CPU.Build.0 = Release|Any CPU
		{8FFCE726-2108-406B-AC67-6F9C36584983}.Test|Any CPU.ActiveCfg = Test|Any CPU
		{8FFCE726-2108-406B-AC67-6F9C36584983}.Test|Any CPU.Build.0 = Test|Any CPU
		{B6EDF157-6153-4684-A577-DE33896DBAA8}.Debug|Any CPU.ActiveCfg = Debug|Any CPU
		{B6EDF157-6153-4684-A577-DE33896DBAA8}.Debug|Any CPU.Build.0 = Debug|Any CPU
		{B6EDF157-6153-4684-A577-DE33896DBAA8}.Import|Any CPU.ActiveCfg = Test|Any CPU
		{B6EDF157-6153-4684-A577-DE33896DBAA8}.Import|Any CPU.Build.0 = Test|Any CPU
		{B6EDF157-6153-4684-A577-DE33896DBAA8}.Release|Any CPU.ActiveCfg = Release|Any CPU
		{B6EDF157-6153-4684-A577-DE33896DBAA8}.Release|Any CPU.Build.0 = Release|Any CPU
		{B6EDF157-6153-4684-A577-DE33896DBAA8}.Test|Any CPU.ActiveCfg = Test|Any CPU
		{B6EDF157-6153-4684-A577-DE33896DBAA8}.Test|Any CPU.Build.0 = Test|Any CPU
		{B4C69694-3928-4B30-A274-BBD3A92D0CDD}.Debug|Any CPU.ActiveCfg = Debug|Any CPU
		{B4C69694-3928-4B30-A274-BBD3A92D0CDD}.Debug|Any CPU.Build.0 = Debug|Any CPU
		{B4C69694-3928-4B30-A274-BBD3A92D0CDD}.Import|Any CPU.ActiveCfg = Test|Any CPU
		{B4C69694-3928-4B30-A274-BBD3A92D0CDD}.Import|Any CPU.Build.0 = Test|Any CPU
		{B4C69694-3928-4B30-A274-BBD3A92D0CDD}.Release|Any CPU.ActiveCfg = Release|Any CPU
		{B4C69694-3928-4B30-A274-BBD3A92D0CDD}.Release|Any CPU.Build.0 = Release|Any CPU
		{B4C69694-3928-4B30-A274-BBD3A92D0CDD}.Test|Any CPU.ActiveCfg = Test|Any CPU
		{B4C69694-3928-4B30-A274-BBD3A92D0CDD}.Test|Any CPU.Build.0 = Test|Any CPU
		{E7530A21-C9BA-46CE-9165-80AF3A56DDF6}.Debug|Any CPU.ActiveCfg = Debug|Any CPU
		{E7530A21-C9BA-46CE-9165-80AF3A56DDF6}.Debug|Any CPU.Build.0 = Debug|Any CPU
		{E7530A21-C9BA-46CE-9165-80AF3A56DDF6}.Import|Any CPU.ActiveCfg = Test|Any CPU
		{E7530A21-C9BA-46CE-9165-80AF3A56DDF6}.Import|Any CPU.Build.0 = Test|Any CPU
		{E7530A21-C9BA-46CE-9165-80AF3A56DDF6}.Release|Any CPU.ActiveCfg = Release|Any CPU
		{E7530A21-C9BA-46CE-9165-80AF3A56DDF6}.Release|Any CPU.Build.0 = Release|Any CPU
		{E7530A21-C9BA-46CE-9165-80AF3A56DDF6}.Test|Any CPU.ActiveCfg = Test|Any CPU
		{E7530A21-C9BA-46CE-9165-80AF3A56DDF6}.Test|Any CPU.Build.0 = Test|Any CPU
		{B78A3750-FA57-41F2-927A-DFB795552548}.Debug|Any CPU.ActiveCfg = Debug|Any CPU
		{B78A3750-FA57-41F2-927A-DFB795552548}.Debug|Any CPU.Build.0 = Debug|Any CPU
		{B78A3750-FA57-41F2-927A-DFB795552548}.Import|Any CPU.ActiveCfg = Test|Any CPU
		{B78A3750-FA57-41F2-927A-DFB795552548}.Import|Any CPU.Build.0 = Test|Any CPU
		{B78A3750-FA57-41F2-927A-DFB795552548}.Release|Any CPU.ActiveCfg = Release|Any CPU
		{B78A3750-FA57-41F2-927A-DFB795552548}.Release|Any CPU.Build.0 = Release|Any CPU
		{B78A3750-FA57-41F2-927A-DFB795552548}.Test|Any CPU.ActiveCfg = Test|Any CPU
		{B78A3750-FA57-41F2-927A-DFB795552548}.Test|Any CPU.Build.0 = Test|Any CPU
		{76D3454C-D2C8-4EE4-AF7F-8B2EB5E24F0F}.Debug|Any CPU.ActiveCfg = Debug|Any CPU
		{76D3454C-D2C8-4EE4-AF7F-8B2EB5E24F0F}.Debug|Any CPU.Build.0 = Debug|Any CPU
		{76D3454C-D2C8-4EE4-AF7F-8B2EB5E24F0F}.Import|Any CPU.ActiveCfg = Test|Any CPU
		{76D3454C-D2C8-4EE4-AF7F-8B2EB5E24F0F}.Import|Any CPU.Build.0 = Test|Any CPU
		{76D3454C-D2C8-4EE4-AF7F-8B2EB5E24F0F}.Release|Any CPU.ActiveCfg = Release|Any CPU
		{76D3454C-D2C8-4EE4-AF7F-8B2EB5E24F0F}.Release|Any CPU.Build.0 = Release|Any CPU
		{76D3454C-D2C8-4EE4-AF7F-8B2EB5E24F0F}.Test|Any CPU.ActiveCfg = Test|Any CPU
		{76D3454C-D2C8-4EE4-AF7F-8B2EB5E24F0F}.Test|Any CPU.Build.0 = Test|Any CPU
		{56089611-82C6-4F69-B535-B7B80901842A}.Debug|Any CPU.ActiveCfg = Debug|Any CPU
		{56089611-82C6-4F69-B535-B7B80901842A}.Debug|Any CPU.Build.0 = Debug|Any CPU
		{56089611-82C6-4F69-B535-B7B80901842A}.Import|Any CPU.ActiveCfg = Test|Any CPU
		{56089611-82C6-4F69-B535-B7B80901842A}.Import|Any CPU.Build.0 = Test|Any CPU
		{56089611-82C6-4F69-B535-B7B80901842A}.Release|Any CPU.ActiveCfg = Release|Any CPU
		{56089611-82C6-4F69-B535-B7B80901842A}.Release|Any CPU.Build.0 = Release|Any CPU
		{56089611-82C6-4F69-B535-B7B80901842A}.Test|Any CPU.ActiveCfg = Test|Any CPU
		{56089611-82C6-4F69-B535-B7B80901842A}.Test|Any CPU.Build.0 = Test|Any CPU
		{94D34384-E253-4771-8105-79903F0D4725}.Debug|Any CPU.ActiveCfg = Debug|Any CPU
		{94D34384-E253-4771-8105-79903F0D4725}.Debug|Any CPU.Build.0 = Debug|Any CPU
		{94D34384-E253-4771-8105-79903F0D4725}.Import|Any CPU.ActiveCfg = Import|Any CPU
		{94D34384-E253-4771-8105-79903F0D4725}.Import|Any CPU.Build.0 = Import|Any CPU
		{94D34384-E253-4771-8105-79903F0D4725}.Release|Any CPU.ActiveCfg = Release|Any CPU
		{94D34384-E253-4771-8105-79903F0D4725}.Release|Any CPU.Build.0 = Release|Any CPU
		{94D34384-E253-4771-8105-79903F0D4725}.Test|Any CPU.ActiveCfg = Test|Any CPU
		{94D34384-E253-4771-8105-79903F0D4725}.Test|Any CPU.Build.0 = Test|Any CPU
		{C4D72D04-2B9F-4B99-A01F-FF260C27B0BF}.Debug|Any CPU.ActiveCfg = Debug|Any CPU
		{C4D72D04-2B9F-4B99-A01F-FF260C27B0BF}.Debug|Any CPU.Build.0 = Debug|Any CPU
		{C4D72D04-2B9F-4B99-A01F-FF260C27B0BF}.Import|Any CPU.ActiveCfg = Import|Any CPU
		{C4D72D04-2B9F-4B99-A01F-FF260C27B0BF}.Import|Any CPU.Build.0 = Import|Any CPU
		{C4D72D04-2B9F-4B99-A01F-FF260C27B0BF}.Release|Any CPU.ActiveCfg = Release|Any CPU
		{C4D72D04-2B9F-4B99-A01F-FF260C27B0BF}.Release|Any CPU.Build.0 = Release|Any CPU
		{C4D72D04-2B9F-4B99-A01F-FF260C27B0BF}.Test|Any CPU.ActiveCfg = Test|Any CPU
		{C4D72D04-2B9F-4B99-A01F-FF260C27B0BF}.Test|Any CPU.Build.0 = Test|Any CPU
		{B136D66F-529C-4611-AF27-A0E97FB0BB64}.Debug|Any CPU.ActiveCfg = Debug|Any CPU
		{B136D66F-529C-4611-AF27-A0E97FB0BB64}.Debug|Any CPU.Build.0 = Debug|Any CPU
		{B136D66F-529C-4611-AF27-A0E97FB0BB64}.Import|Any CPU.ActiveCfg = Test|Any CPU
		{B136D66F-529C-4611-AF27-A0E97FB0BB64}.Import|Any CPU.Build.0 = Test|Any CPU
		{B136D66F-529C-4611-AF27-A0E97FB0BB64}.Release|Any CPU.ActiveCfg = Release|Any CPU
		{B136D66F-529C-4611-AF27-A0E97FB0BB64}.Release|Any CPU.Build.0 = Release|Any CPU
		{B136D66F-529C-4611-AF27-A0E97FB0BB64}.Test|Any CPU.ActiveCfg = Test|Any CPU
		{B136D66F-529C-4611-AF27-A0E97FB0BB64}.Test|Any CPU.Build.0 = Test|Any CPU
		{75D353DB-C6DF-4FEF-85EE-EBAB25B49C88}.Debug|Any CPU.ActiveCfg = Debug|Any CPU
		{75D353DB-C6DF-4FEF-85EE-EBAB25B49C88}.Debug|Any CPU.Build.0 = Debug|Any CPU
		{75D353DB-C6DF-4FEF-85EE-EBAB25B49C88}.Import|Any CPU.ActiveCfg = Test|Any CPU
		{75D353DB-C6DF-4FEF-85EE-EBAB25B49C88}.Import|Any CPU.Build.0 = Test|Any CPU
		{75D353DB-C6DF-4FEF-85EE-EBAB25B49C88}.Release|Any CPU.ActiveCfg = Release|Any CPU
		{75D353DB-C6DF-4FEF-85EE-EBAB25B49C88}.Release|Any CPU.Build.0 = Release|Any CPU
		{75D353DB-C6DF-4FEF-85EE-EBAB25B49C88}.Test|Any CPU.ActiveCfg = Test|Any CPU
		{75D353DB-C6DF-4FEF-85EE-EBAB25B49C88}.Test|Any CPU.Build.0 = Test|Any CPU
		{A212107B-FD1A-4703-AC02-82EF570E75E4}.Debug|Any CPU.ActiveCfg = Debug|Any CPU
		{A212107B-FD1A-4703-AC02-82EF570E75E4}.Debug|Any CPU.Build.0 = Debug|Any CPU
		{A212107B-FD1A-4703-AC02-82EF570E75E4}.Import|Any CPU.ActiveCfg = Test|Any CPU
		{A212107B-FD1A-4703-AC02-82EF570E75E4}.Import|Any CPU.Build.0 = Test|Any CPU
		{A212107B-FD1A-4703-AC02-82EF570E75E4}.Release|Any CPU.ActiveCfg = Release|Any CPU
		{A212107B-FD1A-4703-AC02-82EF570E75E4}.Release|Any CPU.Build.0 = Release|Any CPU
		{A212107B-FD1A-4703-AC02-82EF570E75E4}.Test|Any CPU.ActiveCfg = Test|Any CPU
		{A212107B-FD1A-4703-AC02-82EF570E75E4}.Test|Any CPU.Build.0 = Test|Any CPU
		{0280AB86-45B0-4E90-9B51-BADE4F1D0810}.Debug|Any CPU.ActiveCfg = Debug|Any CPU
		{0280AB86-45B0-4E90-9B51-BADE4F1D0810}.Debug|Any CPU.Build.0 = Debug|Any CPU
		{0280AB86-45B0-4E90-9B51-BADE4F1D0810}.Import|Any CPU.ActiveCfg = Import|Any CPU
		{0280AB86-45B0-4E90-9B51-BADE4F1D0810}.Import|Any CPU.Build.0 = Import|Any CPU
		{0280AB86-45B0-4E90-9B51-BADE4F1D0810}.Release|Any CPU.ActiveCfg = Release|Any CPU
		{0280AB86-45B0-4E90-9B51-BADE4F1D0810}.Release|Any CPU.Build.0 = Release|Any CPU
		{0280AB86-45B0-4E90-9B51-BADE4F1D0810}.Test|Any CPU.ActiveCfg = Test|Any CPU
		{0280AB86-45B0-4E90-9B51-BADE4F1D0810}.Test|Any CPU.Build.0 = Test|Any CPU
		{8D53BBE9-4883-4FFD-81D9-9DAFE86EAB5E}.Debug|Any CPU.ActiveCfg = Debug|Any CPU
		{8D53BBE9-4883-4FFD-81D9-9DAFE86EAB5E}.Debug|Any CPU.Build.0 = Debug|Any CPU
		{8D53BBE9-4883-4FFD-81D9-9DAFE86EAB5E}.Import|Any CPU.ActiveCfg = Import|Any CPU
		{8D53BBE9-4883-4FFD-81D9-9DAFE86EAB5E}.Import|Any CPU.Build.0 = Import|Any CPU
		{8D53BBE9-4883-4FFD-81D9-9DAFE86EAB5E}.Release|Any CPU.ActiveCfg = Release|Any CPU
		{8D53BBE9-4883-4FFD-81D9-9DAFE86EAB5E}.Release|Any CPU.Build.0 = Release|Any CPU
		{8D53BBE9-4883-4FFD-81D9-9DAFE86EAB5E}.Test|Any CPU.ActiveCfg = Test|Any CPU
		{8D53BBE9-4883-4FFD-81D9-9DAFE86EAB5E}.Test|Any CPU.Build.0 = Test|Any CPU
		{3AD9211B-6573-48E6-B938-12D6BDB1A23F}.Debug|Any CPU.ActiveCfg = Debug|Any CPU
		{3AD9211B-6573-48E6-B938-12D6BDB1A23F}.Debug|Any CPU.Build.0 = Debug|Any CPU
		{3AD9211B-6573-48E6-B938-12D6BDB1A23F}.Import|Any CPU.ActiveCfg = Test|Any CPU
		{3AD9211B-6573-48E6-B938-12D6BDB1A23F}.Import|Any CPU.Build.0 = Test|Any CPU
		{3AD9211B-6573-48E6-B938-12D6BDB1A23F}.Release|Any CPU.ActiveCfg = Release|Any CPU
		{3AD9211B-6573-48E6-B938-12D6BDB1A23F}.Release|Any CPU.Build.0 = Release|Any CPU
		{3AD9211B-6573-48E6-B938-12D6BDB1A23F}.Test|Any CPU.ActiveCfg = Test|Any CPU
		{3AD9211B-6573-48E6-B938-12D6BDB1A23F}.Test|Any CPU.Build.0 = Test|Any CPU
		{3EFB8CC9-6A65-4A10-925F-0DF1624EE13B}.Debug|Any CPU.ActiveCfg = Debug|Any CPU
		{3EFB8CC9-6A65-4A10-925F-0DF1624EE13B}.Debug|Any CPU.Build.0 = Debug|Any CPU
		{3EFB8CC9-6A65-4A10-925F-0DF1624EE13B}.Import|Any CPU.ActiveCfg = Import|Any CPU
		{3EFB8CC9-6A65-4A10-925F-0DF1624EE13B}.Import|Any CPU.Build.0 = Import|Any CPU
		{3EFB8CC9-6A65-4A10-925F-0DF1624EE13B}.Release|Any CPU.ActiveCfg = Release|Any CPU
		{3EFB8CC9-6A65-4A10-925F-0DF1624EE13B}.Release|Any CPU.Build.0 = Release|Any CPU
		{3EFB8CC9-6A65-4A10-925F-0DF1624EE13B}.Test|Any CPU.ActiveCfg = Test|Any CPU
		{3EFB8CC9-6A65-4A10-925F-0DF1624EE13B}.Test|Any CPU.Build.0 = Test|Any CPU
		{E39C7DEC-4007-48AC-AA4C-56D84E534990}.Debug|Any CPU.ActiveCfg = Debug|Any CPU
		{E39C7DEC-4007-48AC-AA4C-56D84E534990}.Debug|Any CPU.Build.0 = Debug|Any CPU
		{E39C7DEC-4007-48AC-AA4C-56D84E534990}.Import|Any CPU.ActiveCfg = Test|Any CPU
		{E39C7DEC-4007-48AC-AA4C-56D84E534990}.Import|Any CPU.Build.0 = Test|Any CPU
		{E39C7DEC-4007-48AC-AA4C-56D84E534990}.Release|Any CPU.ActiveCfg = Release|Any CPU
		{E39C7DEC-4007-48AC-AA4C-56D84E534990}.Release|Any CPU.Build.0 = Release|Any CPU
		{E39C7DEC-4007-48AC-AA4C-56D84E534990}.Test|Any CPU.ActiveCfg = Test|Any CPU
		{E39C7DEC-4007-48AC-AA4C-56D84E534990}.Test|Any CPU.Build.0 = Test|Any CPU
		{700D464B-0BD3-4188-A619-53E888218CE7}.Debug|Any CPU.ActiveCfg = Debug|Any CPU
		{700D464B-0BD3-4188-A619-53E888218CE7}.Debug|Any CPU.Build.0 = Debug|Any CPU
		{700D464B-0BD3-4188-A619-53E888218CE7}.Import|Any CPU.ActiveCfg = Import|Any CPU
		{700D464B-0BD3-4188-A619-53E888218CE7}.Import|Any CPU.Build.0 = Import|Any CPU
		{700D464B-0BD3-4188-A619-53E888218CE7}.Release|Any CPU.ActiveCfg = Release|Any CPU
		{700D464B-0BD3-4188-A619-53E888218CE7}.Release|Any CPU.Build.0 = Release|Any CPU
		{700D464B-0BD3-4188-A619-53E888218CE7}.Test|Any CPU.ActiveCfg = Test|Any CPU
		{700D464B-0BD3-4188-A619-53E888218CE7}.Test|Any CPU.Build.0 = Test|Any CPU
		{FB4F973C-FF18-4F24-A7CF-104C7444094A}.Debug|Any CPU.ActiveCfg = Debug|Any CPU
		{FB4F973C-FF18-4F24-A7CF-104C7444094A}.Debug|Any CPU.Build.0 = Debug|Any CPU
		{FB4F973C-FF18-4F24-A7CF-104C7444094A}.Import|Any CPU.ActiveCfg = Import|Any CPU
		{FB4F973C-FF18-4F24-A7CF-104C7444094A}.Import|Any CPU.Build.0 = Import|Any CPU
		{FB4F973C-FF18-4F24-A7CF-104C7444094A}.Release|Any CPU.ActiveCfg = Release|Any CPU
		{FB4F973C-FF18-4F24-A7CF-104C7444094A}.Release|Any CPU.Build.0 = Release|Any CPU
		{FB4F973C-FF18-4F24-A7CF-104C7444094A}.Test|Any CPU.ActiveCfg = Test|Any CPU
		{FB4F973C-FF18-4F24-A7CF-104C7444094A}.Test|Any CPU.Build.0 = Test|Any CPU
		{DBA8D468-EA4D-446D-BA94-FBED166CD502}.Debug|Any CPU.ActiveCfg = Debug|Any CPU
		{DBA8D468-EA4D-446D-BA94-FBED166CD502}.Debug|Any CPU.Build.0 = Debug|Any CPU
		{DBA8D468-EA4D-446D-BA94-FBED166CD502}.Import|Any CPU.ActiveCfg = Test|Any CPU
		{DBA8D468-EA4D-446D-BA94-FBED166CD502}.Import|Any CPU.Build.0 = Test|Any CPU
		{DBA8D468-EA4D-446D-BA94-FBED166CD502}.Release|Any CPU.ActiveCfg = Release|Any CPU
		{DBA8D468-EA4D-446D-BA94-FBED166CD502}.Release|Any CPU.Build.0 = Release|Any CPU
		{DBA8D468-EA4D-446D-BA94-FBED166CD502}.Test|Any CPU.ActiveCfg = Test|Any CPU
		{DBA8D468-EA4D-446D-BA94-FBED166CD502}.Test|Any CPU.Build.0 = Test|Any CPU
		{E771559D-36DE-40BE-BDE9-02E4B9CF1A59}.Debug|Any CPU.ActiveCfg = Debug|Any CPU
		{E771559D-36DE-40BE-BDE9-02E4B9CF1A59}.Debug|Any CPU.Build.0 = Debug|Any CPU
		{E771559D-36DE-40BE-BDE9-02E4B9CF1A59}.Import|Any CPU.ActiveCfg = Import|Any CPU
		{E771559D-36DE-40BE-BDE9-02E4B9CF1A59}.Import|Any CPU.Build.0 = Import|Any CPU
		{E771559D-36DE-40BE-BDE9-02E4B9CF1A59}.Release|Any CPU.ActiveCfg = Release|Any CPU
		{E771559D-36DE-40BE-BDE9-02E4B9CF1A59}.Release|Any CPU.Build.0 = Release|Any CPU
		{E771559D-36DE-40BE-BDE9-02E4B9CF1A59}.Test|Any CPU.ActiveCfg = Test|Any CPU
		{E771559D-36DE-40BE-BDE9-02E4B9CF1A59}.Test|Any CPU.Build.0 = Test|Any CPU
		{B9142F93-15F0-4CD6-8715-7184D546CDBC}.Debug|Any CPU.ActiveCfg = Debug|Any CPU
		{B9142F93-15F0-4CD6-8715-7184D546CDBC}.Debug|Any CPU.Build.0 = Debug|Any CPU
		{B9142F93-15F0-4CD6-8715-7184D546CDBC}.Import|Any CPU.ActiveCfg = Import|Any CPU
		{B9142F93-15F0-4CD6-8715-7184D546CDBC}.Import|Any CPU.Build.0 = Import|Any CPU
		{B9142F93-15F0-4CD6-8715-7184D546CDBC}.Release|Any CPU.ActiveCfg = Release|Any CPU
		{B9142F93-15F0-4CD6-8715-7184D546CDBC}.Release|Any CPU.Build.0 = Release|Any CPU
		{B9142F93-15F0-4CD6-8715-7184D546CDBC}.Test|Any CPU.ActiveCfg = Test|Any CPU
		{B9142F93-15F0-4CD6-8715-7184D546CDBC}.Test|Any CPU.Build.0 = Test|Any CPU
		{8B1A22A9-C06E-4138-A58E-23C9F65555E6}.Debug|Any CPU.ActiveCfg = Debug|Any CPU
		{8B1A22A9-C06E-4138-A58E-23C9F65555E6}.Debug|Any CPU.Build.0 = Debug|Any CPU
		{8B1A22A9-C06E-4138-A58E-23C9F65555E6}.Import|Any CPU.ActiveCfg = Test|Any CPU
		{8B1A22A9-C06E-4138-A58E-23C9F65555E6}.Import|Any CPU.Build.0 = Test|Any CPU
		{8B1A22A9-C06E-4138-A58E-23C9F65555E6}.Release|Any CPU.ActiveCfg = Release|Any CPU
		{8B1A22A9-C06E-4138-A58E-23C9F65555E6}.Release|Any CPU.Build.0 = Release|Any CPU
		{8B1A22A9-C06E-4138-A58E-23C9F65555E6}.Test|Any CPU.ActiveCfg = Test|Any CPU
		{8B1A22A9-C06E-4138-A58E-23C9F65555E6}.Test|Any CPU.Build.0 = Test|Any CPU
		{F641F38F-7515-4DA1-822D-9B13557D79AA}.Debug|Any CPU.ActiveCfg = Debug|Any CPU
		{F641F38F-7515-4DA1-822D-9B13557D79AA}.Debug|Any CPU.Build.0 = Debug|Any CPU
		{F641F38F-7515-4DA1-822D-9B13557D79AA}.Import|Any CPU.ActiveCfg = Import|Any CPU
		{F641F38F-7515-4DA1-822D-9B13557D79AA}.Import|Any CPU.Build.0 = Import|Any CPU
		{F641F38F-7515-4DA1-822D-9B13557D79AA}.Release|Any CPU.ActiveCfg = Release|Any CPU
		{F641F38F-7515-4DA1-822D-9B13557D79AA}.Release|Any CPU.Build.0 = Release|Any CPU
		{F641F38F-7515-4DA1-822D-9B13557D79AA}.Test|Any CPU.ActiveCfg = Test|Any CPU
		{F641F38F-7515-4DA1-822D-9B13557D79AA}.Test|Any CPU.Build.0 = Test|Any CPU
		{5488C09B-4F93-419F-A26A-CC13AD88869E}.Debug|Any CPU.ActiveCfg = Debug|Any CPU
		{5488C09B-4F93-419F-A26A-CC13AD88869E}.Debug|Any CPU.Build.0 = Debug|Any CPU
		{5488C09B-4F93-419F-A26A-CC13AD88869E}.Import|Any CPU.ActiveCfg = Test|Any CPU
		{5488C09B-4F93-419F-A26A-CC13AD88869E}.Import|Any CPU.Build.0 = Test|Any CPU
		{5488C09B-4F93-419F-A26A-CC13AD88869E}.Release|Any CPU.ActiveCfg = Release|Any CPU
		{5488C09B-4F93-419F-A26A-CC13AD88869E}.Release|Any CPU.Build.0 = Release|Any CPU
		{5488C09B-4F93-419F-A26A-CC13AD88869E}.Test|Any CPU.ActiveCfg = Test|Any CPU
		{5488C09B-4F93-419F-A26A-CC13AD88869E}.Test|Any CPU.Build.0 = Test|Any CPU
		{B6CDCD8A-D778-49C3-AD28-049CBA1F73DD}.Debug|Any CPU.ActiveCfg = Debug|Any CPU
		{B6CDCD8A-D778-49C3-AD28-049CBA1F73DD}.Debug|Any CPU.Build.0 = Debug|Any CPU
		{B6CDCD8A-D778-49C3-AD28-049CBA1F73DD}.Import|Any CPU.ActiveCfg = Test|Any CPU
		{B6CDCD8A-D778-49C3-AD28-049CBA1F73DD}.Import|Any CPU.Build.0 = Test|Any CPU
		{B6CDCD8A-D778-49C3-AD28-049CBA1F73DD}.Release|Any CPU.ActiveCfg = Release|Any CPU
		{B6CDCD8A-D778-49C3-AD28-049CBA1F73DD}.Release|Any CPU.Build.0 = Release|Any CPU
		{B6CDCD8A-D778-49C3-AD28-049CBA1F73DD}.Test|Any CPU.ActiveCfg = Test|Any CPU
		{B6CDCD8A-D778-49C3-AD28-049CBA1F73DD}.Test|Any CPU.Build.0 = Test|Any CPU
		{9DCCFD74-1711-4149-8DA4-71EC0DAC44F0}.Debug|Any CPU.ActiveCfg = Debug|Any CPU
		{9DCCFD74-1711-4149-8DA4-71EC0DAC44F0}.Debug|Any CPU.Build.0 = Debug|Any CPU
		{9DCCFD74-1711-4149-8DA4-71EC0DAC44F0}.Import|Any CPU.ActiveCfg = Import|Any CPU
		{9DCCFD74-1711-4149-8DA4-71EC0DAC44F0}.Import|Any CPU.Build.0 = Import|Any CPU
		{9DCCFD74-1711-4149-8DA4-71EC0DAC44F0}.Release|Any CPU.ActiveCfg = Release|Any CPU
		{9DCCFD74-1711-4149-8DA4-71EC0DAC44F0}.Release|Any CPU.Build.0 = Release|Any CPU
		{9DCCFD74-1711-4149-8DA4-71EC0DAC44F0}.Test|Any CPU.ActiveCfg = Test|Any CPU
		{9DCCFD74-1711-4149-8DA4-71EC0DAC44F0}.Test|Any CPU.Build.0 = Test|Any CPU
		{F4635398-AF24-4259-81BB-E3D10D460BEC}.Debug|Any CPU.ActiveCfg = Debug|Any CPU
		{F4635398-AF24-4259-81BB-E3D10D460BEC}.Debug|Any CPU.Build.0 = Debug|Any CPU
		{F4635398-AF24-4259-81BB-E3D10D460BEC}.Import|Any CPU.ActiveCfg = Test|Any CPU
		{F4635398-AF24-4259-81BB-E3D10D460BEC}.Import|Any CPU.Build.0 = Test|Any CPU
		{F4635398-AF24-4259-81BB-E3D10D460BEC}.Release|Any CPU.ActiveCfg = Release|Any CPU
		{F4635398-AF24-4259-81BB-E3D10D460BEC}.Release|Any CPU.Build.0 = Release|Any CPU
		{F4635398-AF24-4259-81BB-E3D10D460BEC}.Test|Any CPU.ActiveCfg = Test|Any CPU
		{F4635398-AF24-4259-81BB-E3D10D460BEC}.Test|Any CPU.Build.0 = Test|Any CPU
		{3DBBBCCC-F75E-4E45-9EE2-106C97E96A6C}.Debug|Any CPU.ActiveCfg = Debug|Any CPU
		{3DBBBCCC-F75E-4E45-9EE2-106C97E96A6C}.Debug|Any CPU.Build.0 = Debug|Any CPU
		{3DBBBCCC-F75E-4E45-9EE2-106C97E96A6C}.Import|Any CPU.ActiveCfg = Test|Any CPU
		{3DBBBCCC-F75E-4E45-9EE2-106C97E96A6C}.Import|Any CPU.Build.0 = Test|Any CPU
		{3DBBBCCC-F75E-4E45-9EE2-106C97E96A6C}.Release|Any CPU.ActiveCfg = Release|Any CPU
		{3DBBBCCC-F75E-4E45-9EE2-106C97E96A6C}.Release|Any CPU.Build.0 = Release|Any CPU
		{3DBBBCCC-F75E-4E45-9EE2-106C97E96A6C}.Test|Any CPU.ActiveCfg = Test|Any CPU
		{3DBBBCCC-F75E-4E45-9EE2-106C97E96A6C}.Test|Any CPU.Build.0 = Test|Any CPU
		{22F3F4FE-AF62-406B-BA95-5012F83F94B8}.Debug|Any CPU.ActiveCfg = Debug|Any CPU
		{22F3F4FE-AF62-406B-BA95-5012F83F94B8}.Debug|Any CPU.Build.0 = Debug|Any CPU
		{22F3F4FE-AF62-406B-BA95-5012F83F94B8}.Import|Any CPU.ActiveCfg = Test|Any CPU
		{22F3F4FE-AF62-406B-BA95-5012F83F94B8}.Import|Any CPU.Build.0 = Test|Any CPU
		{22F3F4FE-AF62-406B-BA95-5012F83F94B8}.Release|Any CPU.ActiveCfg = Release|Any CPU
		{22F3F4FE-AF62-406B-BA95-5012F83F94B8}.Release|Any CPU.Build.0 = Release|Any CPU
		{22F3F4FE-AF62-406B-BA95-5012F83F94B8}.Test|Any CPU.ActiveCfg = Test|Any CPU
		{22F3F4FE-AF62-406B-BA95-5012F83F94B8}.Test|Any CPU.Build.0 = Test|Any CPU
		{3B063B17-88F4-47CB-A06F-602ACEF7AC51}.Debug|Any CPU.ActiveCfg = Debug|Any CPU
		{3B063B17-88F4-47CB-A06F-602ACEF7AC51}.Debug|Any CPU.Build.0 = Debug|Any CPU
		{3B063B17-88F4-47CB-A06F-602ACEF7AC51}.Import|Any CPU.ActiveCfg = Test|Any CPU
		{3B063B17-88F4-47CB-A06F-602ACEF7AC51}.Import|Any CPU.Build.0 = Test|Any CPU
		{3B063B17-88F4-47CB-A06F-602ACEF7AC51}.Release|Any CPU.ActiveCfg = Release|Any CPU
		{3B063B17-88F4-47CB-A06F-602ACEF7AC51}.Release|Any CPU.Build.0 = Release|Any CPU
		{3B063B17-88F4-47CB-A06F-602ACEF7AC51}.Test|Any CPU.ActiveCfg = Test|Any CPU
		{3B063B17-88F4-47CB-A06F-602ACEF7AC51}.Test|Any CPU.Build.0 = Test|Any CPU
		{D17E8DFC-FD33-49B7-8C54-5B5CD482FE04}.Debug|Any CPU.ActiveCfg = Debug|Any CPU
		{D17E8DFC-FD33-49B7-8C54-5B5CD482FE04}.Debug|Any CPU.Build.0 = Debug|Any CPU
		{D17E8DFC-FD33-49B7-8C54-5B5CD482FE04}.Import|Any CPU.ActiveCfg = Import|Any CPU
		{D17E8DFC-FD33-49B7-8C54-5B5CD482FE04}.Import|Any CPU.Build.0 = Import|Any CPU
		{D17E8DFC-FD33-49B7-8C54-5B5CD482FE04}.Release|Any CPU.ActiveCfg = Release|Any CPU
		{D17E8DFC-FD33-49B7-8C54-5B5CD482FE04}.Release|Any CPU.Build.0 = Release|Any CPU
		{D17E8DFC-FD33-49B7-8C54-5B5CD482FE04}.Test|Any CPU.ActiveCfg = Test|Any CPU
		{D17E8DFC-FD33-49B7-8C54-5B5CD482FE04}.Test|Any CPU.Build.0 = Test|Any CPU
		{C26A8CC1-6822-481D-A2D5-52DC8295D402}.Debug|Any CPU.ActiveCfg = Debug|Any CPU
		{C26A8CC1-6822-481D-A2D5-52DC8295D402}.Debug|Any CPU.Build.0 = Debug|Any CPU
		{C26A8CC1-6822-481D-A2D5-52DC8295D402}.Import|Any CPU.ActiveCfg = Import|Any CPU
		{C26A8CC1-6822-481D-A2D5-52DC8295D402}.Import|Any CPU.Build.0 = Import|Any CPU
		{C26A8CC1-6822-481D-A2D5-52DC8295D402}.Release|Any CPU.ActiveCfg = Release|Any CPU
		{C26A8CC1-6822-481D-A2D5-52DC8295D402}.Release|Any CPU.Build.0 = Release|Any CPU
		{C26A8CC1-6822-481D-A2D5-52DC8295D402}.Test|Any CPU.ActiveCfg = Test|Any CPU
		{C26A8CC1-6822-481D-A2D5-52DC8295D402}.Test|Any CPU.Build.0 = Test|Any CPU
		{549C526C-463F-4257-9B26-7316F066BF0F}.Debug|Any CPU.ActiveCfg = Debug|Any CPU
		{549C526C-463F-4257-9B26-7316F066BF0F}.Debug|Any CPU.Build.0 = Debug|Any CPU
		{549C526C-463F-4257-9B26-7316F066BF0F}.Import|Any CPU.ActiveCfg = Test|Any CPU
		{549C526C-463F-4257-9B26-7316F066BF0F}.Import|Any CPU.Build.0 = Test|Any CPU
		{549C526C-463F-4257-9B26-7316F066BF0F}.Release|Any CPU.ActiveCfg = Release|Any CPU
		{549C526C-463F-4257-9B26-7316F066BF0F}.Release|Any CPU.Build.0 = Release|Any CPU
		{549C526C-463F-4257-9B26-7316F066BF0F}.Test|Any CPU.ActiveCfg = Test|Any CPU
		{549C526C-463F-4257-9B26-7316F066BF0F}.Test|Any CPU.Build.0 = Test|Any CPU
		{82657716-B682-4F44-9426-5CCC37367584}.Debug|Any CPU.ActiveCfg = Debug|Any CPU
		{82657716-B682-4F44-9426-5CCC37367584}.Debug|Any CPU.Build.0 = Debug|Any CPU
		{82657716-B682-4F44-9426-5CCC37367584}.Import|Any CPU.ActiveCfg = Test|Any CPU
		{82657716-B682-4F44-9426-5CCC37367584}.Import|Any CPU.Build.0 = Test|Any CPU
		{82657716-B682-4F44-9426-5CCC37367584}.Release|Any CPU.ActiveCfg = Release|Any CPU
		{82657716-B682-4F44-9426-5CCC37367584}.Release|Any CPU.Build.0 = Release|Any CPU
		{82657716-B682-4F44-9426-5CCC37367584}.Test|Any CPU.ActiveCfg = Test|Any CPU
		{82657716-B682-4F44-9426-5CCC37367584}.Test|Any CPU.Build.0 = Test|Any CPU
		{93A4C5A8-701D-4212-B338-DACB6EC8C670}.Debug|Any CPU.ActiveCfg = Debug|Any CPU
		{93A4C5A8-701D-4212-B338-DACB6EC8C670}.Debug|Any CPU.Build.0 = Debug|Any CPU
		{93A4C5A8-701D-4212-B338-DACB6EC8C670}.Import|Any CPU.ActiveCfg = Test|Any CPU
		{93A4C5A8-701D-4212-B338-DACB6EC8C670}.Import|Any CPU.Build.0 = Test|Any CPU
		{93A4C5A8-701D-4212-B338-DACB6EC8C670}.Release|Any CPU.ActiveCfg = Release|Any CPU
		{93A4C5A8-701D-4212-B338-DACB6EC8C670}.Release|Any CPU.Build.0 = Release|Any CPU
		{93A4C5A8-701D-4212-B338-DACB6EC8C670}.Test|Any CPU.ActiveCfg = Test|Any CPU
		{93A4C5A8-701D-4212-B338-DACB6EC8C670}.Test|Any CPU.Build.0 = Test|Any CPU
		{D7A93569-F8D7-48BF-9E1A-D8E0F8C960A7}.Debug|Any CPU.ActiveCfg = Debug|Any CPU
		{D7A93569-F8D7-48BF-9E1A-D8E0F8C960A7}.Debug|Any CPU.Build.0 = Debug|Any CPU
		{D7A93569-F8D7-48BF-9E1A-D8E0F8C960A7}.Import|Any CPU.ActiveCfg = Test|Any CPU
		{D7A93569-F8D7-48BF-9E1A-D8E0F8C960A7}.Import|Any CPU.Build.0 = Test|Any CPU
		{D7A93569-F8D7-48BF-9E1A-D8E0F8C960A7}.Release|Any CPU.ActiveCfg = Release|Any CPU
		{D7A93569-F8D7-48BF-9E1A-D8E0F8C960A7}.Release|Any CPU.Build.0 = Release|Any CPU
		{D7A93569-F8D7-48BF-9E1A-D8E0F8C960A7}.Test|Any CPU.ActiveCfg = Test|Any CPU
		{D7A93569-F8D7-48BF-9E1A-D8E0F8C960A7}.Test|Any CPU.Build.0 = Test|Any CPU
		{4D006637-C791-4627-9D2C-C15090770DCF}.Debug|Any CPU.ActiveCfg = Debug|Any CPU
		{4D006637-C791-4627-9D2C-C15090770DCF}.Debug|Any CPU.Build.0 = Debug|Any CPU
		{4D006637-C791-4627-9D2C-C15090770DCF}.Import|Any CPU.ActiveCfg = Test|Any CPU
		{4D006637-C791-4627-9D2C-C15090770DCF}.Import|Any CPU.Build.0 = Test|Any CPU
		{4D006637-C791-4627-9D2C-C15090770DCF}.Release|Any CPU.ActiveCfg = Release|Any CPU
		{4D006637-C791-4627-9D2C-C15090770DCF}.Release|Any CPU.Build.0 = Release|Any CPU
		{4D006637-C791-4627-9D2C-C15090770DCF}.Test|Any CPU.ActiveCfg = Test|Any CPU
		{4D006637-C791-4627-9D2C-C15090770DCF}.Test|Any CPU.Build.0 = Test|Any CPU
		{3082A9DE-189D-42FA-843E-517C8178FD55}.Debug|Any CPU.ActiveCfg = Debug|Any CPU
		{3082A9DE-189D-42FA-843E-517C8178FD55}.Debug|Any CPU.Build.0 = Debug|Any CPU
		{3082A9DE-189D-42FA-843E-517C8178FD55}.Import|Any CPU.ActiveCfg = Import|Any CPU
		{3082A9DE-189D-42FA-843E-517C8178FD55}.Import|Any CPU.Build.0 = Import|Any CPU
		{3082A9DE-189D-42FA-843E-517C8178FD55}.Release|Any CPU.ActiveCfg = Release|Any CPU
		{3082A9DE-189D-42FA-843E-517C8178FD55}.Release|Any CPU.Build.0 = Release|Any CPU
		{3082A9DE-189D-42FA-843E-517C8178FD55}.Test|Any CPU.ActiveCfg = Test|Any CPU
		{3082A9DE-189D-42FA-843E-517C8178FD55}.Test|Any CPU.Build.0 = Test|Any CPU
		{3AE7843F-06CE-4989-A978-210F7DFCF1A9}.Debug|Any CPU.ActiveCfg = Debug|Any CPU
		{3AE7843F-06CE-4989-A978-210F7DFCF1A9}.Debug|Any CPU.Build.0 = Debug|Any CPU
		{3AE7843F-06CE-4989-A978-210F7DFCF1A9}.Import|Any CPU.ActiveCfg = Test|Any CPU
		{3AE7843F-06CE-4989-A978-210F7DFCF1A9}.Import|Any CPU.Build.0 = Test|Any CPU
		{3AE7843F-06CE-4989-A978-210F7DFCF1A9}.Release|Any CPU.ActiveCfg = Release|Any CPU
		{3AE7843F-06CE-4989-A978-210F7DFCF1A9}.Release|Any CPU.Build.0 = Release|Any CPU
		{3AE7843F-06CE-4989-A978-210F7DFCF1A9}.Test|Any CPU.ActiveCfg = Test|Any CPU
		{3AE7843F-06CE-4989-A978-210F7DFCF1A9}.Test|Any CPU.Build.0 = Test|Any CPU
		{AD97EF5C-E096-465D-9729-2D0524AF2476}.Debug|Any CPU.ActiveCfg = Debug|Any CPU
		{AD97EF5C-E096-465D-9729-2D0524AF2476}.Debug|Any CPU.Build.0 = Debug|Any CPU
		{AD97EF5C-E096-465D-9729-2D0524AF2476}.Import|Any CPU.ActiveCfg = Test|Any CPU
		{AD97EF5C-E096-465D-9729-2D0524AF2476}.Import|Any CPU.Build.0 = Test|Any CPU
		{AD97EF5C-E096-465D-9729-2D0524AF2476}.Release|Any CPU.ActiveCfg = Release|Any CPU
		{AD97EF5C-E096-465D-9729-2D0524AF2476}.Release|Any CPU.Build.0 = Release|Any CPU
		{AD97EF5C-E096-465D-9729-2D0524AF2476}.Test|Any CPU.ActiveCfg = Test|Any CPU
		{AD97EF5C-E096-465D-9729-2D0524AF2476}.Test|Any CPU.Build.0 = Test|Any CPU
		{E82ABEB4-086B-4789-8E86-07636762E4FB}.Debug|Any CPU.ActiveCfg = Debug|Any CPU
		{E82ABEB4-086B-4789-8E86-07636762E4FB}.Debug|Any CPU.Build.0 = Debug|Any CPU
		{E82ABEB4-086B-4789-8E86-07636762E4FB}.Import|Any CPU.ActiveCfg = Test|Any CPU
		{E82ABEB4-086B-4789-8E86-07636762E4FB}.Import|Any CPU.Build.0 = Test|Any CPU
		{E82ABEB4-086B-4789-8E86-07636762E4FB}.Release|Any CPU.ActiveCfg = Release|Any CPU
		{E82ABEB4-086B-4789-8E86-07636762E4FB}.Release|Any CPU.Build.0 = Release|Any CPU
		{E82ABEB4-086B-4789-8E86-07636762E4FB}.Test|Any CPU.ActiveCfg = Test|Any CPU
		{E82ABEB4-086B-4789-8E86-07636762E4FB}.Test|Any CPU.Build.0 = Test|Any CPU
		{30D7BE4C-75F8-47D9-BA14-8A0326C936EA}.Debug|Any CPU.ActiveCfg = Debug|Any CPU
		{30D7BE4C-75F8-47D9-BA14-8A0326C936EA}.Debug|Any CPU.Build.0 = Debug|Any CPU
		{30D7BE4C-75F8-47D9-BA14-8A0326C936EA}.Import|Any CPU.ActiveCfg = Test|Any CPU
		{30D7BE4C-75F8-47D9-BA14-8A0326C936EA}.Import|Any CPU.Build.0 = Test|Any CPU
		{30D7BE4C-75F8-47D9-BA14-8A0326C936EA}.Release|Any CPU.ActiveCfg = Release|Any CPU
		{30D7BE4C-75F8-47D9-BA14-8A0326C936EA}.Release|Any CPU.Build.0 = Release|Any CPU
		{30D7BE4C-75F8-47D9-BA14-8A0326C936EA}.Test|Any CPU.ActiveCfg = Test|Any CPU
		{30D7BE4C-75F8-47D9-BA14-8A0326C936EA}.Test|Any CPU.Build.0 = Test|Any CPU
		{C52D08A4-F978-410E-9C45-9F08B52D048B}.Debug|Any CPU.ActiveCfg = Debug|Any CPU
		{C52D08A4-F978-410E-9C45-9F08B52D048B}.Debug|Any CPU.Build.0 = Debug|Any CPU
		{C52D08A4-F978-410E-9C45-9F08B52D048B}.Import|Any CPU.ActiveCfg = Import|Any CPU
		{C52D08A4-F978-410E-9C45-9F08B52D048B}.Import|Any CPU.Build.0 = Import|Any CPU
		{C52D08A4-F978-410E-9C45-9F08B52D048B}.Release|Any CPU.ActiveCfg = Release|Any CPU
		{C52D08A4-F978-410E-9C45-9F08B52D048B}.Release|Any CPU.Build.0 = Release|Any CPU
		{C52D08A4-F978-410E-9C45-9F08B52D048B}.Test|Any CPU.ActiveCfg = Test|Any CPU
		{C52D08A4-F978-410E-9C45-9F08B52D048B}.Test|Any CPU.Build.0 = Test|Any CPU
		{A372D92D-F891-4B82-93C7-270DB8ECD5DE}.Debug|Any CPU.ActiveCfg = Debug|Any CPU
		{A372D92D-F891-4B82-93C7-270DB8ECD5DE}.Debug|Any CPU.Build.0 = Debug|Any CPU
		{A372D92D-F891-4B82-93C7-270DB8ECD5DE}.Import|Any CPU.ActiveCfg = Test|Any CPU
		{A372D92D-F891-4B82-93C7-270DB8ECD5DE}.Import|Any CPU.Build.0 = Test|Any CPU
		{A372D92D-F891-4B82-93C7-270DB8ECD5DE}.Release|Any CPU.ActiveCfg = Release|Any CPU
		{A372D92D-F891-4B82-93C7-270DB8ECD5DE}.Release|Any CPU.Build.0 = Release|Any CPU
		{A372D92D-F891-4B82-93C7-270DB8ECD5DE}.Test|Any CPU.ActiveCfg = Test|Any CPU
		{A372D92D-F891-4B82-93C7-270DB8ECD5DE}.Test|Any CPU.Build.0 = Test|Any CPU
		{E94F3295-70F8-4B29-8695-1494092A7D4C}.Debug|Any CPU.ActiveCfg = Debug|Any CPU
		{E94F3295-70F8-4B29-8695-1494092A7D4C}.Debug|Any CPU.Build.0 = Debug|Any CPU
		{E94F3295-70F8-4B29-8695-1494092A7D4C}.Import|Any CPU.ActiveCfg = Test|Any CPU
		{E94F3295-70F8-4B29-8695-1494092A7D4C}.Import|Any CPU.Build.0 = Test|Any CPU
		{E94F3295-70F8-4B29-8695-1494092A7D4C}.Release|Any CPU.ActiveCfg = Release|Any CPU
		{E94F3295-70F8-4B29-8695-1494092A7D4C}.Release|Any CPU.Build.0 = Release|Any CPU
		{E94F3295-70F8-4B29-8695-1494092A7D4C}.Test|Any CPU.ActiveCfg = Test|Any CPU
		{E94F3295-70F8-4B29-8695-1494092A7D4C}.Test|Any CPU.Build.0 = Test|Any CPU
		{8CFB2F34-5E45-4C5C-9E7E-7F5D2781BB1F}.Debug|Any CPU.ActiveCfg = Debug|Any CPU
		{8CFB2F34-5E45-4C5C-9E7E-7F5D2781BB1F}.Debug|Any CPU.Build.0 = Debug|Any CPU
		{8CFB2F34-5E45-4C5C-9E7E-7F5D2781BB1F}.Import|Any CPU.ActiveCfg = Test|Any CPU
		{8CFB2F34-5E45-4C5C-9E7E-7F5D2781BB1F}.Import|Any CPU.Build.0 = Test|Any CPU
		{8CFB2F34-5E45-4C5C-9E7E-7F5D2781BB1F}.Release|Any CPU.ActiveCfg = Release|Any CPU
		{8CFB2F34-5E45-4C5C-9E7E-7F5D2781BB1F}.Release|Any CPU.Build.0 = Release|Any CPU
		{8CFB2F34-5E45-4C5C-9E7E-7F5D2781BB1F}.Test|Any CPU.ActiveCfg = Test|Any CPU
		{8CFB2F34-5E45-4C5C-9E7E-7F5D2781BB1F}.Test|Any CPU.Build.0 = Test|Any CPU
		{4D2EEF52-F86C-4C7E-83AD-CE06DA92BE95}.Debug|Any CPU.ActiveCfg = Debug|Any CPU
		{4D2EEF52-F86C-4C7E-83AD-CE06DA92BE95}.Debug|Any CPU.Build.0 = Debug|Any CPU
		{4D2EEF52-F86C-4C7E-83AD-CE06DA92BE95}.Import|Any CPU.ActiveCfg = Test|Any CPU
		{4D2EEF52-F86C-4C7E-83AD-CE06DA92BE95}.Import|Any CPU.Build.0 = Test|Any CPU
		{4D2EEF52-F86C-4C7E-83AD-CE06DA92BE95}.Release|Any CPU.ActiveCfg = Release|Any CPU
		{4D2EEF52-F86C-4C7E-83AD-CE06DA92BE95}.Release|Any CPU.Build.0 = Release|Any CPU
		{4D2EEF52-F86C-4C7E-83AD-CE06DA92BE95}.Test|Any CPU.ActiveCfg = Test|Any CPU
		{4D2EEF52-F86C-4C7E-83AD-CE06DA92BE95}.Test|Any CPU.Build.0 = Test|Any CPU
		{7775CB10-9515-4F15-B33B-5A303E56F322}.Debug|Any CPU.ActiveCfg = Debug|Any CPU
		{7775CB10-9515-4F15-B33B-5A303E56F322}.Debug|Any CPU.Build.0 = Debug|Any CPU
		{7775CB10-9515-4F15-B33B-5A303E56F322}.Import|Any CPU.ActiveCfg = Import|Any CPU
		{7775CB10-9515-4F15-B33B-5A303E56F322}.Import|Any CPU.Build.0 = Import|Any CPU
		{7775CB10-9515-4F15-B33B-5A303E56F322}.Release|Any CPU.ActiveCfg = Release|Any CPU
		{7775CB10-9515-4F15-B33B-5A303E56F322}.Release|Any CPU.Build.0 = Release|Any CPU
		{7775CB10-9515-4F15-B33B-5A303E56F322}.Test|Any CPU.ActiveCfg = Test|Any CPU
		{7775CB10-9515-4F15-B33B-5A303E56F322}.Test|Any CPU.Build.0 = Test|Any CPU
		{9BB074C6-0955-4662-BDEC-C47C1154DC22}.Debug|Any CPU.ActiveCfg = Debug|Any CPU
		{9BB074C6-0955-4662-BDEC-C47C1154DC22}.Debug|Any CPU.Build.0 = Debug|Any CPU
		{9BB074C6-0955-4662-BDEC-C47C1154DC22}.Import|Any CPU.ActiveCfg = Import|Any CPU
		{9BB074C6-0955-4662-BDEC-C47C1154DC22}.Import|Any CPU.Build.0 = Import|Any CPU
		{9BB074C6-0955-4662-BDEC-C47C1154DC22}.Release|Any CPU.ActiveCfg = Release|Any CPU
		{9BB074C6-0955-4662-BDEC-C47C1154DC22}.Release|Any CPU.Build.0 = Release|Any CPU
		{9BB074C6-0955-4662-BDEC-C47C1154DC22}.Test|Any CPU.ActiveCfg = Test|Any CPU
		{9BB074C6-0955-4662-BDEC-C47C1154DC22}.Test|Any CPU.Build.0 = Test|Any CPU
		{2FBD3752-2752-4E92-9EEA-32031603D759}.Debug|Any CPU.ActiveCfg = Debug|Any CPU
		{2FBD3752-2752-4E92-9EEA-32031603D759}.Debug|Any CPU.Build.0 = Debug|Any CPU
		{2FBD3752-2752-4E92-9EEA-32031603D759}.Import|Any CPU.ActiveCfg = Test|Any CPU
		{2FBD3752-2752-4E92-9EEA-32031603D759}.Import|Any CPU.Build.0 = Test|Any CPU
		{2FBD3752-2752-4E92-9EEA-32031603D759}.Release|Any CPU.ActiveCfg = Release|Any CPU
		{2FBD3752-2752-4E92-9EEA-32031603D759}.Release|Any CPU.Build.0 = Release|Any CPU
		{2FBD3752-2752-4E92-9EEA-32031603D759}.Test|Any CPU.ActiveCfg = Test|Any CPU
		{2FBD3752-2752-4E92-9EEA-32031603D759}.Test|Any CPU.Build.0 = Test|Any CPU
		{67BB9F1B-8C95-4CD5-B38C-13B07A57CA23}.Debug|Any CPU.ActiveCfg = Debug|Any CPU
		{67BB9F1B-8C95-4CD5-B38C-13B07A57CA23}.Debug|Any CPU.Build.0 = Debug|Any CPU
		{67BB9F1B-8C95-4CD5-B38C-13B07A57CA23}.Import|Any CPU.ActiveCfg = Release|Any CPU
		{67BB9F1B-8C95-4CD5-B38C-13B07A57CA23}.Import|Any CPU.Build.0 = Release|Any CPU
		{67BB9F1B-8C95-4CD5-B38C-13B07A57CA23}.Release|Any CPU.ActiveCfg = Release|Any CPU
		{67BB9F1B-8C95-4CD5-B38C-13B07A57CA23}.Release|Any CPU.Build.0 = Release|Any CPU
		{67BB9F1B-8C95-4CD5-B38C-13B07A57CA23}.Test|Any CPU.ActiveCfg = Release|Any CPU
		{67BB9F1B-8C95-4CD5-B38C-13B07A57CA23}.Test|Any CPU.Build.0 = Release|Any CPU
		{61B0C7AD-FF28-4BB4-9B43-69E4F359E29E}.Debug|Any CPU.ActiveCfg = Debug|Any CPU
		{61B0C7AD-FF28-4BB4-9B43-69E4F359E29E}.Debug|Any CPU.Build.0 = Debug|Any CPU
		{61B0C7AD-FF28-4BB4-9B43-69E4F359E29E}.Import|Any CPU.ActiveCfg = Release|Any CPU
		{61B0C7AD-FF28-4BB4-9B43-69E4F359E29E}.Import|Any CPU.Build.0 = Release|Any CPU
		{61B0C7AD-FF28-4BB4-9B43-69E4F359E29E}.Release|Any CPU.ActiveCfg = Release|Any CPU
		{61B0C7AD-FF28-4BB4-9B43-69E4F359E29E}.Release|Any CPU.Build.0 = Release|Any CPU
		{61B0C7AD-FF28-4BB4-9B43-69E4F359E29E}.Test|Any CPU.ActiveCfg = Release|Any CPU
		{61B0C7AD-FF28-4BB4-9B43-69E4F359E29E}.Test|Any CPU.Build.0 = Release|Any CPU
		{58974559-06DA-4983-B87D-0E0C6CDBF083}.Debug|Any CPU.ActiveCfg = Debug|Any CPU
		{58974559-06DA-4983-B87D-0E0C6CDBF083}.Debug|Any CPU.Build.0 = Debug|Any CPU
		{58974559-06DA-4983-B87D-0E0C6CDBF083}.Import|Any CPU.ActiveCfg = Release|Any CPU
		{58974559-06DA-4983-B87D-0E0C6CDBF083}.Import|Any CPU.Build.0 = Release|Any CPU
		{58974559-06DA-4983-B87D-0E0C6CDBF083}.Release|Any CPU.ActiveCfg = Release|Any CPU
		{58974559-06DA-4983-B87D-0E0C6CDBF083}.Release|Any CPU.Build.0 = Release|Any CPU
		{58974559-06DA-4983-B87D-0E0C6CDBF083}.Test|Any CPU.ActiveCfg = Release|Any CPU
		{58974559-06DA-4983-B87D-0E0C6CDBF083}.Test|Any CPU.Build.0 = Release|Any CPU
		{C4D0160D-8F7E-4AB5-A149-1D8D95C2831A}.Debug|Any CPU.ActiveCfg = Debug|Any CPU
		{C4D0160D-8F7E-4AB5-A149-1D8D95C2831A}.Debug|Any CPU.Build.0 = Debug|Any CPU
		{C4D0160D-8F7E-4AB5-A149-1D8D95C2831A}.Import|Any CPU.ActiveCfg = Release|Any CPU
		{C4D0160D-8F7E-4AB5-A149-1D8D95C2831A}.Import|Any CPU.Build.0 = Release|Any CPU
		{C4D0160D-8F7E-4AB5-A149-1D8D95C2831A}.Release|Any CPU.ActiveCfg = Release|Any CPU
		{C4D0160D-8F7E-4AB5-A149-1D8D95C2831A}.Release|Any CPU.Build.0 = Release|Any CPU
		{C4D0160D-8F7E-4AB5-A149-1D8D95C2831A}.Test|Any CPU.ActiveCfg = Release|Any CPU
		{C4D0160D-8F7E-4AB5-A149-1D8D95C2831A}.Test|Any CPU.Build.0 = Release|Any CPU
	EndGlobalSection
	GlobalSection(SolutionProperties) = preSolution
		HideSolutionNode = FALSE
	EndGlobalSection
	GlobalSection(NestedProjects) = preSolution
		{2E747CF0-6C14-4D66-BD1B-B6841A761519} = {B599709D-A320-4ADD-9084-CDFC447B6C32}
		{380A3DEA-4A1B-4B27-BA37-C498143D0FAC} = {B599709D-A320-4ADD-9084-CDFC447B6C32}
		{AD49966E-26FE-4D52-B2FB-83DBA633F907} = {516745FD-174A-4FBC-B9CE-3F28E328FEC2}
		{C5221A21-8EB3-45A6-AC92-8D8BF50BB550} = {516745FD-174A-4FBC-B9CE-3F28E328FEC2}
		{8A17D73A-59D1-4A4E-B190-719012D6014B} = {516745FD-174A-4FBC-B9CE-3F28E328FEC2}
		{45D07E2F-4617-48BB-8CC0-5D68EC811101} = {AD49966E-26FE-4D52-B2FB-83DBA633F907}
		{44C24C60-DDD9-4428-99D3-C01B4BE816F7} = {AD49966E-26FE-4D52-B2FB-83DBA633F907}
		{8FFCE726-2108-406B-AC67-6F9C36584983} = {AD49966E-26FE-4D52-B2FB-83DBA633F907}
		{B6EDF157-6153-4684-A577-DE33896DBAA8} = {C5221A21-8EB3-45A6-AC92-8D8BF50BB550}
		{B4C69694-3928-4B30-A274-BBD3A92D0CDD} = {8A17D73A-59D1-4A4E-B190-719012D6014B}
		{E7530A21-C9BA-46CE-9165-80AF3A56DDF6} = {8A17D73A-59D1-4A4E-B190-719012D6014B}
		{B78A3750-FA57-41F2-927A-DFB795552548} = {516745FD-174A-4FBC-B9CE-3F28E328FEC2}
		{76D3454C-D2C8-4EE4-AF7F-8B2EB5E24F0F} = {516745FD-174A-4FBC-B9CE-3F28E328FEC2}
		{56089611-82C6-4F69-B535-B7B80901842A} = {516745FD-174A-4FBC-B9CE-3F28E328FEC2}
		{94D34384-E253-4771-8105-79903F0D4725} = {516745FD-174A-4FBC-B9CE-3F28E328FEC2}
		{C4D72D04-2B9F-4B99-A01F-FF260C27B0BF} = {516745FD-174A-4FBC-B9CE-3F28E328FEC2}
		{B136D66F-529C-4611-AF27-A0E97FB0BB64} = {516745FD-174A-4FBC-B9CE-3F28E328FEC2}
		{75D353DB-C6DF-4FEF-85EE-EBAB25B49C88} = {516745FD-174A-4FBC-B9CE-3F28E328FEC2}
		{A212107B-FD1A-4703-AC02-82EF570E75E4} = {516745FD-174A-4FBC-B9CE-3F28E328FEC2}
		{0280AB86-45B0-4E90-9B51-BADE4F1D0810} = {516745FD-174A-4FBC-B9CE-3F28E328FEC2}
		{8D53BBE9-4883-4FFD-81D9-9DAFE86EAB5E} = {516745FD-174A-4FBC-B9CE-3F28E328FEC2}
		{3AD9211B-6573-48E6-B938-12D6BDB1A23F} = {516745FD-174A-4FBC-B9CE-3F28E328FEC2}
		{3EFB8CC9-6A65-4A10-925F-0DF1624EE13B} = {516745FD-174A-4FBC-B9CE-3F28E328FEC2}
		{E39C7DEC-4007-48AC-AA4C-56D84E534990} = {516745FD-174A-4FBC-B9CE-3F28E328FEC2}
		{700D464B-0BD3-4188-A619-53E888218CE7} = {516745FD-174A-4FBC-B9CE-3F28E328FEC2}
		{FB4F973C-FF18-4F24-A7CF-104C7444094A} = {516745FD-174A-4FBC-B9CE-3F28E328FEC2}
		{DBA8D468-EA4D-446D-BA94-FBED166CD502} = {516745FD-174A-4FBC-B9CE-3F28E328FEC2}
		{E771559D-36DE-40BE-BDE9-02E4B9CF1A59} = {516745FD-174A-4FBC-B9CE-3F28E328FEC2}
		{B9142F93-15F0-4CD6-8715-7184D546CDBC} = {516745FD-174A-4FBC-B9CE-3F28E328FEC2}
		{8B1A22A9-C06E-4138-A58E-23C9F65555E6} = {516745FD-174A-4FBC-B9CE-3F28E328FEC2}
		{F641F38F-7515-4DA1-822D-9B13557D79AA} = {516745FD-174A-4FBC-B9CE-3F28E328FEC2}
		{5488C09B-4F93-419F-A26A-CC13AD88869E} = {516745FD-174A-4FBC-B9CE-3F28E328FEC2}
		{B6CDCD8A-D778-49C3-AD28-049CBA1F73DD} = {516745FD-174A-4FBC-B9CE-3F28E328FEC2}
		{9DCCFD74-1711-4149-8DA4-71EC0DAC44F0} = {516745FD-174A-4FBC-B9CE-3F28E328FEC2}
		{F4635398-AF24-4259-81BB-E3D10D460BEC} = {516745FD-174A-4FBC-B9CE-3F28E328FEC2}
		{3DBBBCCC-F75E-4E45-9EE2-106C97E96A6C} = {516745FD-174A-4FBC-B9CE-3F28E328FEC2}
		{22F3F4FE-AF62-406B-BA95-5012F83F94B8} = {516745FD-174A-4FBC-B9CE-3F28E328FEC2}
		{3B063B17-88F4-47CB-A06F-602ACEF7AC51} = {516745FD-174A-4FBC-B9CE-3F28E328FEC2}
		{D17E8DFC-FD33-49B7-8C54-5B5CD482FE04} = {516745FD-174A-4FBC-B9CE-3F28E328FEC2}
		{C26A8CC1-6822-481D-A2D5-52DC8295D402} = {516745FD-174A-4FBC-B9CE-3F28E328FEC2}
		{549C526C-463F-4257-9B26-7316F066BF0F} = {516745FD-174A-4FBC-B9CE-3F28E328FEC2}
		{82657716-B682-4F44-9426-5CCC37367584} = {516745FD-174A-4FBC-B9CE-3F28E328FEC2}
		{93A4C5A8-701D-4212-B338-DACB6EC8C670} = {516745FD-174A-4FBC-B9CE-3F28E328FEC2}
		{D7A93569-F8D7-48BF-9E1A-D8E0F8C960A7} = {516745FD-174A-4FBC-B9CE-3F28E328FEC2}
		{4D006637-C791-4627-9D2C-C15090770DCF} = {516745FD-174A-4FBC-B9CE-3F28E328FEC2}
		{3082A9DE-189D-42FA-843E-517C8178FD55} = {516745FD-174A-4FBC-B9CE-3F28E328FEC2}
		{3AE7843F-06CE-4989-A978-210F7DFCF1A9} = {516745FD-174A-4FBC-B9CE-3F28E328FEC2}
		{AD97EF5C-E096-465D-9729-2D0524AF2476} = {516745FD-174A-4FBC-B9CE-3F28E328FEC2}
		{E82ABEB4-086B-4789-8E86-07636762E4FB} = {516745FD-174A-4FBC-B9CE-3F28E328FEC2}
		{30D7BE4C-75F8-47D9-BA14-8A0326C936EA} = {516745FD-174A-4FBC-B9CE-3F28E328FEC2}
		{C52D08A4-F978-410E-9C45-9F08B52D048B} = {516745FD-174A-4FBC-B9CE-3F28E328FEC2}
		{A372D92D-F891-4B82-93C7-270DB8ECD5DE} = {516745FD-174A-4FBC-B9CE-3F28E328FEC2}
		{E94F3295-70F8-4B29-8695-1494092A7D4C} = {B599709D-A320-4ADD-9084-CDFC447B6C32}
		{8CFB2F34-5E45-4C5C-9E7E-7F5D2781BB1F} = {B599709D-A320-4ADD-9084-CDFC447B6C32}
		{F00CA027-8705-4780-850D-BF6F0B3FBE5B} = {943EF47E-E21F-4389-A26B-0CC500DE4482}
		{2FBD3752-2752-4E92-9EEA-32031603D759} = {516745FD-174A-4FBC-B9CE-3F28E328FEC2}
		{61B0C7AD-FF28-4BB4-9B43-69E4F359E29E} = {B599709D-A320-4ADD-9084-CDFC447B6C32}
		{C4D0160D-8F7E-4AB5-A149-1D8D95C2831A} = {B599709D-A320-4ADD-9084-CDFC447B6C32}
	EndGlobalSection
	GlobalSection(ExtensibilityGlobals) = postSolution
		SolutionGuid = {1AD8A45F-00C4-4A25-8EE6-EAF7D6B1CBE0}
	EndGlobalSection
	GlobalSection(TeamFoundationVersionControl) = preSolution
		SccNumberOfProjects = 61
		SccEnterpriseProvider = {4CA58AB2-18FA-4F8D-95D4-32DDF27D184C}
		SccTeamFoundationServer = http://tfs-dip:8080/tfs/defaultcollection
		SccLocalPath0 = .
		SccProjectUniqueName1 = ..\\..\\Modules\\CorpProp\\CorpProp\\CorpProp.csproj
		SccProjectTopLevelParentUniqueName1 = EUSISolution.sln
		SccProjectName1 = ../../Modules/CorpProp/CorpProp
		SccLocalPath1 = ..\\..\\Modules\\CorpProp\\CorpProp
		SccProjectUniqueName2 = ..\\..\\Modules\\CorpProp\\CorpProp.RosReestr\\CorpProp.RosReestr.csproj
		SccProjectTopLevelParentUniqueName2 = EUSISolution.sln
		SccProjectName2 = ../../Modules/CorpProp/CorpProp.RosReestr
		SccLocalPath2 = ..\\..\\Modules\\CorpProp\\CorpProp.RosReestr
		SccProjectUniqueName3 = ..\\..\\Modules\\EUSI\\EUSI\\EUSI.csproj
		SccProjectName3 = ../../Modules/EUSI/EUSI
		SccLocalPath3 = ..\\..\\Modules\\EUSI\\EUSI
		SccProjectUniqueName4 = ..\\..\\Modules\\EUSI\\EUSI.Tests\\EUSI.Tests.csproj
		SccProjectName4 = ../../Modules/EUSI/EUSI.Tests
		SccLocalPath4 = ..\\..\\Modules\\EUSI\\EUSI.Tests
		SccProjectUniqueName5 = ..\\..\\Modules\\Base\\Base.Excel\\Base.Excel.csproj
		SccProjectTopLevelParentUniqueName5 = EUSISolution.sln
		SccProjectName5 = ../../Modules/Base/Base.Excel
		SccLocalPath5 = ..\\..\\Modules\\Base\\Base.Excel
		SccProjectUniqueName6 = ..\\..\\Modules\\Base\\FankySheet\\FankySheet.csproj
		SccProjectTopLevelParentUniqueName6 = EUSISolution.sln
		SccProjectName6 = ../../Modules/Base/FankySheet
		SccLocalPath6 = ..\\..\\Modules\\Base\\FankySheet
		SccProjectUniqueName7 = ..\\..\\Modules\\Base\\FankySheetTests\\FankySheetTests.csproj
		SccProjectTopLevelParentUniqueName7 = EUSISolution.sln
		SccProjectName7 = ../../Modules/Base/FankySheetTests
		SccLocalPath7 = ..\\..\\Modules\\Base\\FankySheetTests
		SccProjectUniqueName8 = ..\\..\\Modules\\Base\\System.Linq.Dynamic\\System.Linq.Dynamic.csproj
		SccProjectTopLevelParentUniqueName8 = EUSISolution.sln
		SccProjectName8 = ../../Modules/Base/System.Linq.Dynamic
		SccLocalPath8 = ..\\..\\Modules\\Base\\System.Linq.Dynamic
		SccProjectUniqueName9 = ..\\..\\Modules\\Base\\Base.Word\\Base.Word.csproj
		SccProjectTopLevelParentUniqueName9 = EUSISolution.sln
		SccProjectName9 = ../../Modules/Base/Base.Word
		SccLocalPath9 = ..\\..\\Modules\\Base\\Base.Word
		SccProjectUniqueName10 = ..\\..\\Modules\\Base\\WordTemplates\\WordTemplates.csproj
		SccProjectTopLevelParentUniqueName10 = EUSISolution.sln
		SccProjectName10 = ../../Modules/Base/WordTemplates
		SccLocalPath10 = ..\\..\\Modules\\Base\\WordTemplates
		SccProjectUniqueName11 = ..\\..\\Modules\\Base\\Base\\Base.csproj
		SccProjectTopLevelParentUniqueName11 = EUSISolution.sln
		SccProjectName11 = ../../Modules/Base/Base
		SccLocalPath11 = ..\\..\\Modules\\Base\\Base
		SccProjectUniqueName12 = ..\\..\\Modules\\Base\\Base.Access\\Base.Access.csproj
		SccProjectTopLevelParentUniqueName12 = EUSISolution.sln
		SccProjectName12 = ../../Modules/Base/Base.Access
		SccLocalPath12 = ..\\..\\Modules\\Base\\Base.Access
		SccProjectUniqueName13 = ..\\..\\Modules\\Base\\Base.App\\Base.App.csproj
		SccProjectTopLevelParentUniqueName13 = EUSISolution.sln
		SccProjectName13 = ../../Modules/Base/Base.App
		SccLocalPath13 = ..\\..\\Modules\\Base\\Base.App
		SccProjectUniqueName14 = ..\\..\\Modules\\Base\\Base.Audit\\Base.Audit.csproj
		SccProjectTopLevelParentUniqueName14 = EUSISolution.sln
		SccProjectName14 = ../../Modules/Base/Base.Audit
		SccLocalPath14 = ..\\..\\Modules\\Base\\Base.Audit
		SccProjectUniqueName15 = ..\\..\\Modules\\Base\\Base.BusinessProcesses\\Base.BusinessProcesses.csproj
		SccProjectTopLevelParentUniqueName15 = EUSISolution.sln
		SccProjectName15 = ../../Modules/Base/Base.BusinessProcesses
		SccLocalPath15 = ..\\..\\Modules\\Base\\Base.BusinessProcesses
		SccProjectUniqueName16 = ..\\..\\Modules\\Base\\BaseCatalog\\Base.Catalog.csproj
		SccProjectTopLevelParentUniqueName16 = EUSISolution.sln
		SccProjectName16 = ../../Modules/Base/BaseCatalog
		SccLocalPath16 = ..\\..\\Modules\\Base\\BaseCatalog
		SccProjectUniqueName17 = ..\\..\\Modules\\Base\\Base.Censorship\\Base.Censorship.csproj
		SccProjectTopLevelParentUniqueName17 = EUSISolution.sln
		SccProjectName17 = ../../Modules/Base/Base.Censorship
		SccLocalPath17 = ..\\..\\Modules\\Base\\Base.Censorship
		SccProjectUniqueName18 = ..\\..\\Modules\\Base\\Base.Conference\\Base.Conference.csproj
		SccProjectTopLevelParentUniqueName18 = EUSISolution.sln
		SccProjectName18 = ../../Modules/Base/Base.Conference
		SccLocalPath18 = ..\\..\\Modules\\Base\\Base.Conference
		SccProjectUniqueName19 = ..\\..\\Modules\\Base\\Base.Contact\\Base.Contact.csproj
		SccProjectTopLevelParentUniqueName19 = EUSISolution.sln
		SccProjectName19 = ../../Modules/Base/Base.Contact
		SccLocalPath19 = ..\\..\\Modules\\Base\\Base.Contact
		SccProjectUniqueName20 = ..\\..\\Modules\\Base\\Base.Content\\Base.Content.csproj
		SccProjectTopLevelParentUniqueName20 = EUSISolution.sln
		SccProjectName20 = ../../Modules/Base/Base.Content
		SccLocalPath20 = ..\\..\\Modules\\Base\\Base.Content
		SccProjectUniqueName21 = ..\\..\\Modules\\Base\\Base.CRM\\Base.CRM.csproj
		SccProjectTopLevelParentUniqueName21 = EUSISolution.sln
		SccProjectName21 = ../../Modules/Base/Base.CRM
		SccLocalPath21 = ..\\..\\Modules\\Base\\Base.CRM
		SccProjectUniqueName22 = ..\\..\\Modules\\Base\\Base.DAL.EF\\Base.DAL.EF.csproj
		SccProjectTopLevelParentUniqueName22 = EUSISolution.sln
		SccProjectName22 = ../../Modules/Base/Base.DAL.EF
		SccLocalPath22 = ..\\..\\Modules\\Base\\Base.DAL.EF
		SccProjectUniqueName23 = ..\\..\\Modules\\Base\\Base.Document\\Base.Document.csproj
		SccProjectTopLevelParentUniqueName23 = EUSISolution.sln
		SccProjectName23 = ../../Modules/Base/Base.Document
		SccLocalPath23 = ..\\..\\Modules\\Base\\Base.Document
		SccProjectUniqueName24 = ..\\..\\Modules\\Base\\Base.EntityFrameworkTypes\\Base.EntityFrameworkTypes.csproj
		SccProjectTopLevelParentUniqueName24 = EUSISolution.sln
		SccProjectName24 = ../../Modules/Base/Base.EntityFrameworkTypes
		SccLocalPath24 = ..\\..\\Modules\\Base\\Base.EntityFrameworkTypes
		SccProjectUniqueName25 = ..\\..\\Modules\\Base\\Base.Event\\Base.Event.csproj
		SccProjectTopLevelParentUniqueName25 = EUSISolution.sln
		SccProjectName25 = ../../Modules/Base/Base.Event
		SccLocalPath25 = ..\\..\\Modules\\Base\\Base.Event
		SccProjectUniqueName26 = ..\\..\\Modules\\Base\\Base.ExportImport\\Base.ExportImport.csproj
		SccProjectTopLevelParentUniqueName26 = EUSISolution.sln
		SccProjectName26 = ../../Modules/Base/Base.ExportImport
		SccLocalPath26 = ..\\..\\Modules\\Base\\Base.ExportImport
		SccProjectUniqueName27 = ..\\..\\Modules\\Base\\Base.FileStorage\\Base.FileStorage.csproj
		SccProjectTopLevelParentUniqueName27 = EUSISolution.sln
		SccProjectName27 = ../../Modules/Base/Base.FileStorage
		SccLocalPath27 = ..\\..\\Modules\\Base\\Base.FileStorage
		SccProjectUniqueName28 = ..\\..\\Modules\\Base\\Base.Forum\\Base.Forum.csproj
		SccProjectTopLevelParentUniqueName28 = EUSISolution.sln
		SccProjectName28 = ../../Modules/Base/Base.Forum
		SccLocalPath28 = ..\\..\\Modules\\Base\\Base.Forum
		SccProjectUniqueName29 = ..\\..\\Modules\\Base\\Base.Hangfire\\Base.Hangfire.csproj
		SccProjectTopLevelParentUniqueName29 = EUSISolution.sln
		SccProjectName29 = ../../Modules/Base/Base.Hangfire
		SccLocalPath29 = ..\\..\\Modules\\Base\\Base.Hangfire
		SccProjectUniqueName30 = ..\\..\\Modules\\Base\\Base.Help\\Base.Help.csproj
		SccProjectTopLevelParentUniqueName30 = EUSISolution.sln
		SccProjectName30 = ../../Modules/Base/Base.Help
		SccLocalPath30 = ..\\..\\Modules\\Base\\Base.Help
		SccProjectUniqueName31 = ..\\..\\Modules\\Base\\Base.Identity\\Base.Identity.csproj
		SccProjectTopLevelParentUniqueName31 = EUSISolution.sln
		SccProjectName31 = ../../Modules/Base/Base.Identity
		SccLocalPath31 = ..\\..\\Modules\\Base\\Base.Identity
		SccProjectUniqueName32 = ..\\..\\Modules\\Base\\Base.Links\\Base.Links.csproj
		SccProjectTopLevelParentUniqueName32 = EUSISolution.sln
		SccProjectName32 = ../../Modules/Base/Base.Links
		SccLocalPath32 = ..\\..\\Modules\\Base\\Base.Links
		SccProjectUniqueName33 = ..\\..\\Modules\\Base\\Base.Localize\\Base.Localize.csproj
		SccProjectTopLevelParentUniqueName33 = EUSISolution.sln
		SccProjectName33 = ../../Modules/Base/Base.Localize
		SccLocalPath33 = ..\\..\\Modules\\Base\\Base.Localize
		SccProjectUniqueName34 = ..\\..\\Modules\\Base\\Base.Macros\\Base.Macros.csproj
		SccProjectTopLevelParentUniqueName34 = EUSISolution.sln
		SccProjectName34 = ../../Modules/Base/Base.Macros
		SccLocalPath34 = ..\\..\\Modules\\Base\\Base.Macros
		SccProjectUniqueName35 = ..\\..\\Modules\\Base\\Base.Mail\\Base.Mail.csproj
		SccProjectTopLevelParentUniqueName35 = EUSISolution.sln
		SccProjectName35 = ../../Modules/Base/Base.Mail
		SccLocalPath35 = ..\\..\\Modules\\Base\\Base.Mail
		SccProjectUniqueName36 = ..\\..\\Modules\\Base\\Base.Map\\Base.Map.csproj
		SccProjectTopLevelParentUniqueName36 = EUSISolution.sln
		SccProjectName36 = ../../Modules/Base/Base.Map
		SccLocalPath36 = ..\\..\\Modules\\Base\\Base.Map
		SccProjectUniqueName37 = ..\\..\\Modules\\Base\\Base.Multimedia\\Base.Multimedia.csproj
		SccProjectTopLevelParentUniqueName37 = EUSISolution.sln
		SccProjectName37 = ../../Modules/Base/Base.Multimedia
		SccLocalPath37 = ..\\..\\Modules\\Base\\Base.Multimedia
		SccProjectUniqueName38 = ..\\..\\Modules\\Base\\Base.Nomenclature\\Base.Nomenclature.csproj
		SccProjectTopLevelParentUniqueName38 = EUSISolution.sln
		SccProjectName38 = ../../Modules/Base/Base.Nomenclature
		SccLocalPath38 = ..\\..\\Modules\\Base\\Base.Nomenclature
		SccProjectUniqueName39 = ..\\..\\Modules\\Base\\Base.Notification\\Base.Notification.csproj
		SccProjectTopLevelParentUniqueName39 = EUSISolution.sln
		SccProjectName39 = ../../Modules/Base/Base.Notification
		SccLocalPath39 = ..\\..\\Modules\\Base\\Base.Notification
		SccProjectUniqueName40 = ..\\..\\Modules\\Base\\Base.Project\\Base.Project.csproj
		SccProjectTopLevelParentUniqueName40 = EUSISolution.sln
		SccProjectName40 = ../../Modules/Base/Base.Project
		SccLocalPath40 = ..\\..\\Modules\\Base\\Base.Project
		SccProjectUniqueName41 = ..\\..\\Modules\\Base\\Base.Reporting\\Base.Reporting.csproj
		SccProjectTopLevelParentUniqueName41 = EUSISolution.sln
		SccProjectName41 = ../../Modules/Base/Base.Reporting
		SccLocalPath41 = ..\\..\\Modules\\Base\\Base.Reporting
		SccProjectUniqueName42 = ..\\..\\Modules\\Base\\Base.Security\\Base.Security.csproj
		SccProjectTopLevelParentUniqueName42 = EUSISolution.sln
		SccProjectName42 = ../../Modules/Base/Base.Security
		SccLocalPath42 = ..\\..\\Modules\\Base\\Base.Security
		SccProjectUniqueName43 = ..\\..\\Modules\\Base\\Base.Social\\Base.Social.csproj
		SccProjectTopLevelParentUniqueName43 = EUSISolution.sln
		SccProjectName43 = ../../Modules/Base/Base.Social
		SccLocalPath43 = ..\\..\\Modules\\Base\\Base.Social
		SccProjectUniqueName44 = ..\\..\\Modules\\Base\\Base.Support\\Base.Support.csproj
		SccProjectTopLevelParentUniqueName44 = EUSISolution.sln
		SccProjectName44 = ../../Modules/Base/Base.Support
		SccLocalPath44 = ..\\..\\Modules\\Base\\Base.Support
		SccProjectUniqueName45 = ..\\..\\Modules\\Base\\Base.Task\\Base.Task.csproj
		SccProjectTopLevelParentUniqueName45 = EUSISolution.sln
		SccProjectName45 = ../../Modules/Base/Base.Task
		SccLocalPath45 = ..\\..\\Modules\\Base\\Base.Task
		SccProjectUniqueName46 = ..\\..\\Modules\\Base\\Base.UI\\Base.UI.csproj
		SccProjectTopLevelParentUniqueName46 = EUSISolution.sln
		SccProjectName46 = ../../Modules/Base/Base.UI
		SccLocalPath46 = ..\\..\\Modules\\Base\\Base.UI
		SccProjectUniqueName47 = ..\\..\\Modules\\Base\\Base.Utils.Common\\Base.Utils.Common.csproj
		SccProjectTopLevelParentUniqueName47 = EUSISolution.sln
		SccProjectName47 = ../../Modules/Base/Base.Utils.Common
		SccLocalPath47 = ..\\..\\Modules\\Base\\Base.Utils.Common
		SccProjectUniqueName48 = ..\\..\\Modules\\Base\\Base.Utils.Web\\Base.Utils.Web.csproj
		SccProjectTopLevelParentUniqueName48 = EUSISolution.sln
		SccProjectName48 = ../../Modules/Base/Base.Utils.Web
		SccLocalPath48 = ..\\..\\Modules\\Base\\Base.Utils.Web
		SccProjectUniqueName49 = ..\\..\\Modules\\Base\\Base.WebApi\\Base.WebApi.csproj
		SccProjectTopLevelParentUniqueName49 = EUSISolution.sln
		SccProjectName49 = ../../Modules/Base/Base.WebApi
		SccLocalPath49 = ..\\..\\Modules\\Base\\Base.WebApi
		SccProjectUniqueName50 = ..\\..\\Modules\\Base\\Base.Wrappers.Web\\Base.Wrappers.Web.csproj
		SccProjectTopLevelParentUniqueName50 = EUSISolution.sln
		SccProjectName50 = ../../Modules/Base/Base.Wrappers.Web
		SccLocalPath50 = ..\\..\\Modules\\Base\\Base.Wrappers.Web
		SccProjectUniqueName51 = ..\\..\\Modules\\Base\\Esia\\Esia.csproj
		SccProjectTopLevelParentUniqueName51 = EUSISolution.sln
		SccProjectName51 = ../../Modules/Base/Esia
		SccLocalPath51 = ..\\..\\Modules\\Base\\Esia
		SccProjectUniqueName52 = ..\\..\\Modules\\CorpProp\\SibRosReestr\\SibRosReestr.csproj
		SccProjectTopLevelParentUniqueName52 = EUSISolution.sln
		SccProjectName52 = ../../Modules/CorpProp/SibRosReestr
		SccLocalPath52 = ..\\..\\Modules\\CorpProp\\SibRosReestr
		SccProjectUniqueName53 = ..\\..\\Modules\\CorpProp\\SibAssemblyInfo\\SibAssemblyInfo.csproj
		SccProjectTopLevelParentUniqueName53 = EUSISolution.sln
		SccProjectName53 = ../../Modules/CorpProp/SibAssemblyInfo
		SccLocalPath53 = ..\\..\\Modules\\CorpProp\\SibAssemblyInfo
		SccProjectUniqueName54 = Common.Data\\Common.Data.csproj
		SccProjectName54 = Common.Data
		SccLocalPath54 = Common.Data
		SccProjectUniqueName55 = Data\\Data.csproj
		SccProjectName55 = Data
		SccLocalPath55 = Data
		SccProjectUniqueName56 = WebUI\\WebUI.csproj
		SccProjectName56 = WebUI
		SccLocalPath56 = WebUI
		SccProjectUniqueName57 = ..\\..\\Modules\\Base\\WebApi\\WebApi.csproj
		SccProjectTopLevelParentUniqueName57 = EUSISolution.sln
		SccProjectName57 = ../../Modules/Base/WebApi
		SccLocalPath57 = ..\\..\\Modules\\Base\\WebApi
		SccProjectUniqueName58 = EUSI.WebApi\\EUSI.WebApi.csproj
		SccProjectName58 = EUSI.WebApi
		SccLocalPath58 = EUSI.WebApi
		SccProjectUniqueName59 = ..\\..\\Modules\\CorpProp\\Sib.Taxes\\Sib.Taxes.csproj
		SccProjectName59 = ../../Modules/CorpProp/Sib.Taxes
		SccLocalPath59 = ..\\..\\Modules\\CorpProp\\Sib.Taxes
		SccProjectUniqueName60 = ..\\..\\Modules\\CorpProp\\CorpProp.Analyze\\CorpProp.Analyze.csproj
		SccProjectTopLevelParentUniqueName60 = EUSISolution.sln
		SccProjectName60 = ../../Modules/CorpProp/CorpProp.Analyze
		SccLocalPath60 = ..\\..\\Modules\\CorpProp\\CorpProp.Analyze
	EndGlobalSection
EndGlobal
